// !$*UTF8*$!
{
	archiveVersion = 1;
	classes = {
	};
	objectVersion = 56;
	objects = {

/* Begin PBXBuildFile section */
		8DDB66FD2BC9981D00D9A2C8 /* WomenBusinessDirectoryApp.swift in Sources */ = {isa = PBXBuildFile; fileRef = 8DDB66FC2BC9981D00D9A2C8 /* WomenBusinessDirectoryApp.swift */; };
		8DDB66FF2BC9981D00D9A2C8 /* ContentView.swift in Sources */ = {isa = PBXBuildFile; fileRef = 8DDB66FE2BC9981D00D9A2C8 /* ContentView.swift */; };
		8DDB67032BC9982000D9A2C8 /* Assets.xcassets in Resources */ = {isa = PBXBuildFile; fileRef = 8DDB67022BC9982000D9A2C8 /* Assets.xcassets */; };
		8DDB67062BC9982000D9A2C8 /* Preview Assets.xcassets in Resources */ = {isa = PBXBuildFile; fileRef = 8DDB67052BC9982000D9A2C8 /* Preview Assets.xcassets */; };
		8DDB670D2BC99DF900D9A2C8 /* DirectoryListView.swift in Sources */ = {isa = PBXBuildFile; fileRef = 8DDB670C2BC99DF900D9A2C8 /* DirectoryListView.swift */; };
		8DDB670F2BC99E2500D9A2C8 /* FavoritesListView.swift in Sources */ = {isa = PBXBuildFile; fileRef = 8DDB670E2BC99E2500D9A2C8 /* FavoritesListView.swift */; };
		8DDB67112BC99E3A00D9A2C8 /* EventsListView.swift in Sources */ = {isa = PBXBuildFile; fileRef = 8DDB67102BC99E3A00D9A2C8 /* EventsListView.swift */; };
		8DDB67142BC99FD200D9A2C8 /* Entrepreneur.swift in Sources */ = {isa = PBXBuildFile; fileRef = 8DDB67132BC99FD200D9A2C8 /* Entrepreneur.swift */; };
		8DDB67162BC99FE700D9A2C8 /* Company.swift in Sources */ = {isa = PBXBuildFile; fileRef = 8DDB67152BC99FE700D9A2C8 /* Company.swift */; };
		8DDB67192BCADBF500D9A2C8 /* CompaniesListView.swift in Sources */ = {isa = PBXBuildFile; fileRef = 8DDB67182BCADBF500D9A2C8 /* CompaniesListView.swift */; };
		8DDB671B2BCADE6200D9A2C8 /* CompanyDetailView.swift in Sources */ = {isa = PBXBuildFile; fileRef = 8DDB671A2BCADE6200D9A2C8 /* CompanyDetailView.swift */; };
		8DDB671D2BCD742300D9A2C8 /* CardView.swift in Sources */ = {isa = PBXBuildFile; fileRef = 8DDB671C2BCD742300D9A2C8 /* CardView.swift */; };
/* End PBXBuildFile section */

/* Begin PBXFileReference section */
		8DDB66F92BC9981D00D9A2C8 /* WomenBusinessDirectory.app */ = {isa = PBXFileReference; explicitFileType = wrapper.application; includeInIndex = 0; path = WomenBusinessDirectory.app; sourceTree = BUILT_PRODUCTS_DIR; };
		8DDB66FC2BC9981D00D9A2C8 /* WomenBusinessDirectoryApp.swift */ = {isa = PBXFileReference; lastKnownFileType = sourcecode.swift; path = WomenBusinessDirectoryApp.swift; sourceTree = "<group>"; };
		8DDB66FE2BC9981D00D9A2C8 /* ContentView.swift */ = {isa = PBXFileReference; lastKnownFileType = sourcecode.swift; path = ContentView.swift; sourceTree = "<group>"; };
		8DDB67022BC9982000D9A2C8 /* Assets.xcassets */ = {isa = PBXFileReference; lastKnownFileType = folder.assetcatalog; path = Assets.xcassets; sourceTree = "<group>"; };
		8DDB67052BC9982000D9A2C8 /* Preview Assets.xcassets */ = {isa = PBXFileReference; lastKnownFileType = folder.assetcatalog; path = "Preview Assets.xcassets"; sourceTree = "<group>"; };
		8DDB670C2BC99DF900D9A2C8 /* DirectoryListView.swift */ = {isa = PBXFileReference; lastKnownFileType = sourcecode.swift; path = DirectoryListView.swift; sourceTree = "<group>"; };
		8DDB670E2BC99E2500D9A2C8 /* FavoritesListView.swift */ = {isa = PBXFileReference; lastKnownFileType = sourcecode.swift; path = FavoritesListView.swift; sourceTree = "<group>"; };
		8DDB67102BC99E3A00D9A2C8 /* EventsListView.swift */ = {isa = PBXFileReference; lastKnownFileType = sourcecode.swift; path = EventsListView.swift; sourceTree = "<group>"; };
		8DDB67132BC99FD200D9A2C8 /* Entrepreneur.swift */ = {isa = PBXFileReference; lastKnownFileType = sourcecode.swift; path = Entrepreneur.swift; sourceTree = "<group>"; };
		8DDB67152BC99FE700D9A2C8 /* Company.swift */ = {isa = PBXFileReference; lastKnownFileType = sourcecode.swift; path = Company.swift; sourceTree = "<group>"; };
		8DDB67182BCADBF500D9A2C8 /* CompaniesListView.swift */ = {isa = PBXFileReference; lastKnownFileType = sourcecode.swift; path = CompaniesListView.swift; sourceTree = "<group>"; };
		8DDB671A2BCADE6200D9A2C8 /* CompanyDetailView.swift */ = {isa = PBXFileReference; lastKnownFileType = sourcecode.swift; path = CompanyDetailView.swift; sourceTree = "<group>"; };
		8DDB671C2BCD742300D9A2C8 /* CardView.swift */ = {isa = PBXFileReference; lastKnownFileType = sourcecode.swift; path = CardView.swift; sourceTree = "<group>"; };
/* End PBXFileReference section */

/* Begin PBXFrameworksBuildPhase section */
		8DDB66F62BC9981D00D9A2C8 /* Frameworks */ = {
			isa = PBXFrameworksBuildPhase;
			buildActionMask = 2147483647;
			files = (
			);
			runOnlyForDeploymentPostprocessing = 0;
		};
/* End PBXFrameworksBuildPhase section */

/* Begin PBXGroup section */
		8DDB66F02BC9981D00D9A2C8 = {
			isa = PBXGroup;
			children = (
				8DDB66FB2BC9981D00D9A2C8 /* WomenBusinessDirectory */,
				8DDB66FA2BC9981D00D9A2C8 /* Products */,
			);
			sourceTree = "<group>";
		};
		8DDB66FA2BC9981D00D9A2C8 /* Products */ = {
			isa = PBXGroup;
			children = (
				8DDB66F92BC9981D00D9A2C8 /* WomenBusinessDirectory.app */,
			);
			name = Products;
			sourceTree = "<group>";
		};
		8DDB66FB2BC9981D00D9A2C8 /* WomenBusinessDirectory */ = {
			isa = PBXGroup;
			children = (
				8DDB66FC2BC9981D00D9A2C8 /* WomenBusinessDirectoryApp.swift */,
				8DDB67172BC99FF600D9A2C8 /* Models */,
				8DDB67122BC99F6F00D9A2C8 /* Views */,
				8DDB67022BC9982000D9A2C8 /* Assets.xcassets */,
				8DDB67042BC9982000D9A2C8 /* Preview Content */,
			);
			path = WomenBusinessDirectory;
			sourceTree = "<group>";
		};
		8DDB67042BC9982000D9A2C8 /* Preview Content */ = {
			isa = PBXGroup;
			children = (
				8DDB67052BC9982000D9A2C8 /* Preview Assets.xcassets */,
			);
			path = "Preview Content";
			sourceTree = "<group>";
		};
		8DDB67122BC99F6F00D9A2C8 /* Views */ = {
			isa = PBXGroup;
			children = (
				8DDB66FE2BC9981D00D9A2C8 /* ContentView.swift */,
				8DDB670C2BC99DF900D9A2C8 /* DirectoryListView.swift */,
				8DDB671C2BCD742300D9A2C8 /* CardView.swift */,
				8DDB67182BCADBF500D9A2C8 /* CompaniesListView.swift */,
				8DDB671A2BCADE6200D9A2C8 /* CompanyDetailView.swift */,
				8DDB67102BC99E3A00D9A2C8 /* EventsListView.swift */,
				8DDB670E2BC99E2500D9A2C8 /* FavoritesListView.swift */,
			);
			path = Views;
			sourceTree = "<group>";
		};
		8DDB67172BC99FF600D9A2C8 /* Models */ = {
			isa = PBXGroup;
			children = (
				8DDB67132BC99FD200D9A2C8 /* Entrepreneur.swift */,
				8DDB67152BC99FE700D9A2C8 /* Company.swift */,
			);
			path = Models;
			sourceTree = "<group>";
		};
/* End PBXGroup section */

/* Begin PBXNativeTarget section */
		8DDB66F82BC9981D00D9A2C8 /* WomenBusinessDirectory */ = {
			isa = PBXNativeTarget;
			buildConfigurationList = 8DDB67092BC9982000D9A2C8 /* Build configuration list for PBXNativeTarget "WomenBusinessDirectory" */;
			buildPhases = (
				8DDB66F52BC9981D00D9A2C8 /* Sources */,
				8DDB66F62BC9981D00D9A2C8 /* Frameworks */,
				8DDB66F72BC9981D00D9A2C8 /* Resources */,
			);
			buildRules = (
			);
			dependencies = (
			);
			name = WomenBusinessDirectory;
			productName = WomenBusinessDirectory;
			productReference = 8DDB66F92BC9981D00D9A2C8 /* WomenBusinessDirectory.app */;
			productType = "com.apple.product-type.application";
		};
/* End PBXNativeTarget section */

/* Begin PBXProject section */
		8DDB66F12BC9981D00D9A2C8 /* Project object */ = {
			isa = PBXProject;
			attributes = {
				BuildIndependentTargetsInParallel = 1;
				LastSwiftUpdateCheck = 1530;
				LastUpgradeCheck = 1530;
				TargetAttributes = {
					8DDB66F82BC9981D00D9A2C8 = {
						CreatedOnToolsVersion = 15.3;
					};
				};
			};
			buildConfigurationList = 8DDB66F42BC9981D00D9A2C8 /* Build configuration list for PBXProject "WomenBusinessDirectory" */;
			compatibilityVersion = "Xcode 14.0";
			developmentRegion = en;
			hasScannedForEncodings = 0;
			knownRegions = (
				en,
				Base,
			);
			mainGroup = 8DDB66F02BC9981D00D9A2C8;
			productRefGroup = 8DDB66FA2BC9981D00D9A2C8 /* Products */;
			projectDirPath = "";
			projectRoot = "";
			targets = (
				8DDB66F82BC9981D00D9A2C8 /* WomenBusinessDirectory */,
			);
		};
/* End PBXProject section */

/* Begin PBXResourcesBuildPhase section */
		8DDB66F72BC9981D00D9A2C8 /* Resources */ = {
			isa = PBXResourcesBuildPhase;
			buildActionMask = 2147483647;
			files = (
				8DDB67062BC9982000D9A2C8 /* Preview Assets.xcassets in Resources */,
				8DDB67032BC9982000D9A2C8 /* Assets.xcassets in Resources */,
			);
			runOnlyForDeploymentPostprocessing = 0;
		};
/* End PBXResourcesBuildPhase section */

/* Begin PBXSourcesBuildPhase section */
		8DDB66F52BC9981D00D9A2C8 /* Sources */ = {
			isa = PBXSourcesBuildPhase;
			buildActionMask = 2147483647;
			files = (
				8DDB67192BCADBF500D9A2C8 /* CompaniesListView.swift in Sources */,
				8DDB670F2BC99E2500D9A2C8 /* FavoritesListView.swift in Sources */,
				8DDB67112BC99E3A00D9A2C8 /* EventsListView.swift in Sources */,
				8DDB66FF2BC9981D00D9A2C8 /* ContentView.swift in Sources */,
				8DDB671D2BCD742300D9A2C8 /* CardView.swift in Sources */,
				8DDB670D2BC99DF900D9A2C8 /* DirectoryListView.swift in Sources */,
				8DDB67162BC99FE700D9A2C8 /* Company.swift in Sources */,
				8DDB67142BC99FD200D9A2C8 /* Entrepreneur.swift in Sources */,
				8DDB671B2BCADE6200D9A2C8 /* CompanyDetailView.swift in Sources */,
				8DDB66FD2BC9981D00D9A2C8 /* WomenBusinessDirectoryApp.swift in Sources */,
			);
			runOnlyForDeploymentPostprocessing = 0;
		};
/* End PBXSourcesBuildPhase section */

/* Begin XCBuildConfiguration section */
		8DDB67072BC9982000D9A2C8 /* Debug */ = {
			isa = XCBuildConfiguration;
			buildSettings = {
				ALWAYS_SEARCH_USER_PATHS = NO;
				ASSETCATALOG_COMPILER_GENERATE_SWIFT_ASSET_SYMBOL_EXTENSIONS = YES;
				CLANG_ANALYZER_NONNULL = YES;
				CLANG_ANALYZER_NUMBER_OBJECT_CONVERSION = YES_AGGRESSIVE;
				CLANG_CXX_LANGUAGE_STANDARD = "gnu++20";
				CLANG_ENABLE_MODULES = YES;
				CLANG_ENABLE_OBJC_ARC = YES;
				CLANG_ENABLE_OBJC_WEAK = YES;
				CLANG_WARN_BLOCK_CAPTURE_AUTORELEASING = YES;
				CLANG_WARN_BOOL_CONVERSION = YES;
				CLANG_WARN_COMMA = YES;
				CLANG_WARN_CONSTANT_CONVERSION = YES;
				CLANG_WARN_DEPRECATED_OBJC_IMPLEMENTATIONS = YES;
				CLANG_WARN_DIRECT_OBJC_ISA_USAGE = YES_ERROR;
				CLANG_WARN_DOCUMENTATION_COMMENTS = YES;
				CLANG_WARN_EMPTY_BODY = YES;
				CLANG_WARN_ENUM_CONVERSION = YES;
				CLANG_WARN_INFINITE_RECURSION = YES;
				CLANG_WARN_INT_CONVERSION = YES;
				CLANG_WARN_NON_LITERAL_NULL_CONVERSION = YES;
				CLANG_WARN_OBJC_IMPLICIT_RETAIN_SELF = YES;
				CLANG_WARN_OBJC_LITERAL_CONVERSION = YES;
				CLANG_WARN_OBJC_ROOT_CLASS = YES_ERROR;
				CLANG_WARN_QUOTED_INCLUDE_IN_FRAMEWORK_HEADER = YES;
				CLANG_WARN_RANGE_LOOP_ANALYSIS = YES;
				CLANG_WARN_STRICT_PROTOTYPES = YES;
				CLANG_WARN_SUSPICIOUS_MOVE = YES;
				CLANG_WARN_UNGUARDED_AVAILABILITY = YES_AGGRESSIVE;
				CLANG_WARN_UNREACHABLE_CODE = YES;
				CLANG_WARN__DUPLICATE_METHOD_MATCH = YES;
				COPY_PHASE_STRIP = NO;
				DEBUG_INFORMATION_FORMAT = dwarf;
				ENABLE_STRICT_OBJC_MSGSEND = YES;
				ENABLE_TESTABILITY = YES;
				ENABLE_USER_SCRIPT_SANDBOXING = YES;
				GCC_C_LANGUAGE_STANDARD = gnu17;
				GCC_DYNAMIC_NO_PIC = NO;
				GCC_NO_COMMON_BLOCKS = YES;
				GCC_OPTIMIZATION_LEVEL = 0;
				GCC_PREPROCESSOR_DEFINITIONS = (
					"DEBUG=1",
					"$(inherited)",
				);
				GCC_WARN_64_TO_32_BIT_CONVERSION = YES;
				GCC_WARN_ABOUT_RETURN_TYPE = YES_ERROR;
				GCC_WARN_UNDECLARED_SELECTOR = YES;
				GCC_WARN_UNINITIALIZED_AUTOS = YES_AGGRESSIVE;
				GCC_WARN_UNUSED_FUNCTION = YES;
				GCC_WARN_UNUSED_VARIABLE = YES;
				IPHONEOS_DEPLOYMENT_TARGET = 17.4;
				LOCALIZATION_PREFERS_STRING_CATALOGS = YES;
				MTL_ENABLE_DEBUG_INFO = INCLUDE_SOURCE;
				MTL_FAST_MATH = YES;
				ONLY_ACTIVE_ARCH = YES;
				SDKROOT = iphoneos;
				SWIFT_ACTIVE_COMPILATION_CONDITIONS = "DEBUG $(inherited)";
				SWIFT_OPTIMIZATION_LEVEL = "-Onone";
			};
			name = Debug;
		};
		8DDB67082BC9982000D9A2C8 /* Release */ = {
			isa = XCBuildConfiguration;
			buildSettings = {
				ALWAYS_SEARCH_USER_PATHS = NO;
				ASSETCATALOG_COMPILER_GENERATE_SWIFT_ASSET_SYMBOL_EXTENSIONS = YES;
				CLANG_ANALYZER_NONNULL = YES;
				CLANG_ANALYZER_NUMBER_OBJECT_CONVERSION = YES_AGGRESSIVE;
				CLANG_CXX_LANGUAGE_STANDARD = "gnu++20";
				CLANG_ENABLE_MODULES = YES;
				CLANG_ENABLE_OBJC_ARC = YES;
				CLANG_ENABLE_OBJC_WEAK = YES;
				CLANG_WARN_BLOCK_CAPTURE_AUTORELEASING = YES;
				CLANG_WARN_BOOL_CONVERSION = YES;
				CLANG_WARN_COMMA = YES;
				CLANG_WARN_CONSTANT_CONVERSION = YES;
				CLANG_WARN_DEPRECATED_OBJC_IMPLEMENTATIONS = YES;
				CLANG_WARN_DIRECT_OBJC_ISA_USAGE = YES_ERROR;
				CLANG_WARN_DOCUMENTATION_COMMENTS = YES;
				CLANG_WARN_EMPTY_BODY = YES;
				CLANG_WARN_ENUM_CONVERSION = YES;
				CLANG_WARN_INFINITE_RECURSION = YES;
				CLANG_WARN_INT_CONVERSION = YES;
				CLANG_WARN_NON_LITERAL_NULL_CONVERSION = YES;
				CLANG_WARN_OBJC_IMPLICIT_RETAIN_SELF = YES;
				CLANG_WARN_OBJC_LITERAL_CONVERSION = YES;
				CLANG_WARN_OBJC_ROOT_CLASS = YES_ERROR;
				CLANG_WARN_QUOTED_INCLUDE_IN_FRAMEWORK_HEADER = YES;
				CLANG_WARN_RANGE_LOOP_ANALYSIS = YES;
				CLANG_WARN_STRICT_PROTOTYPES = YES;
				CLANG_WARN_SUSPICIOUS_MOVE = YES;
				CLANG_WARN_UNGUARDED_AVAILABILITY = YES_AGGRESSIVE;
				CLANG_WARN_UNREACHABLE_CODE = YES;
				CLANG_WARN__DUPLICATE_METHOD_MATCH = YES;
				COPY_PHASE_STRIP = NO;
				DEBUG_INFORMATION_FORMAT = "dwarf-with-dsym";
				ENABLE_NS_ASSERTIONS = NO;
				ENABLE_STRICT_OBJC_MSGSEND = YES;
				ENABLE_USER_SCRIPT_SANDBOXING = YES;
				GCC_C_LANGUAGE_STANDARD = gnu17;
				GCC_NO_COMMON_BLOCKS = YES;
				GCC_WARN_64_TO_32_BIT_CONVERSION = YES;
				GCC_WARN_ABOUT_RETURN_TYPE = YES_ERROR;
				GCC_WARN_UNDECLARED_SELECTOR = YES;
				GCC_WARN_UNINITIALIZED_AUTOS = YES_AGGRESSIVE;
				GCC_WARN_UNUSED_FUNCTION = YES;
				GCC_WARN_UNUSED_VARIABLE = YES;
				IPHONEOS_DEPLOYMENT_TARGET = 17.4;
				LOCALIZATION_PREFERS_STRING_CATALOGS = YES;
				MTL_ENABLE_DEBUG_INFO = NO;
				MTL_FAST_MATH = YES;
				SDKROOT = iphoneos;
				SWIFT_COMPILATION_MODE = wholemodule;
				VALIDATE_PRODUCT = YES;
			};
			name = Release;
		};
		8DDB670A2BC9982000D9A2C8 /* Debug */ = {
			isa = XCBuildConfiguration;
			buildSettings = {
				ASSETCATALOG_COMPILER_APPICON_NAME = AppIcon;
				ASSETCATALOG_COMPILER_GLOBAL_ACCENT_COLOR_NAME = AccentColor;
				CODE_SIGN_STYLE = Automatic;
				CURRENT_PROJECT_VERSION = 1;
				DEVELOPMENT_ASSET_PATHS = "\"WomenBusinessDirectory/Preview Content\"";
				DEVELOPMENT_TEAM = 4V4G78L69F;
				ENABLE_PREVIEWS = YES;
				GENERATE_INFOPLIST_FILE = YES;
				INFOPLIST_KEY_UIApplicationSceneManifest_Generation = YES;
				INFOPLIST_KEY_UIApplicationSupportsIndirectInputEvents = YES;
				INFOPLIST_KEY_UILaunchScreen_Generation = YES;
				INFOPLIST_KEY_UISupportedInterfaceOrientations_iPad = "UIInterfaceOrientationPortrait UIInterfaceOrientationPortraitUpsideDown UIInterfaceOrientationLandscapeLeft UIInterfaceOrientationLandscapeRight";
				INFOPLIST_KEY_UISupportedInterfaceOrientations_iPhone = "UIInterfaceOrientationPortrait UIInterfaceOrientationLandscapeLeft UIInterfaceOrientationLandscapeRight";
				LD_RUNPATH_SEARCH_PATHS = (
					"$(inherited)",
					"@executable_path/Frameworks",
				);
				MARKETING_VERSION = 1.0;
				PRODUCT_BUNDLE_IDENTIFIER = com.ruzimetova.WomenBusinessDirectory;
				PRODUCT_NAME = "$(TARGET_NAME)";
				SWIFT_EMIT_LOC_STRINGS = YES;
				SWIFT_VERSION = 5.0;
				TARGETED_DEVICE_FAMILY = "1,2";
			};
			name = Debug;
		};
		8DDB670B2BC9982000D9A2C8 /* Release */ = {
			isa = XCBuildConfiguration;
			buildSettings = {
				ASSETCATALOG_COMPILER_APPICON_NAME = AppIcon;
				ASSETCATALOG_COMPILER_GLOBAL_ACCENT_COLOR_NAME = AccentColor;
				CODE_SIGN_STYLE = Automatic;
				CURRENT_PROJECT_VERSION = 1;
				DEVELOPMENT_ASSET_PATHS = "\"WomenBusinessDirectory/Preview Content\"";
				DEVELOPMENT_TEAM = 4V4G78L69F;
				ENABLE_PREVIEWS = YES;
				GENERATE_INFOPLIST_FILE = YES;
				INFOPLIST_KEY_UIApplicationSceneManifest_Generation = YES;
				INFOPLIST_KEY_UIApplicationSupportsIndirectInputEvents = YES;
				INFOPLIST_KEY_UILaunchScreen_Generation = YES;
				INFOPLIST_KEY_UISupportedInterfaceOrientations_iPad = "UIInterfaceOrientationPortrait UIInterfaceOrientationPortraitUpsideDown UIInterfaceOrientationLandscapeLeft UIInterfaceOrientationLandscapeRight";
				INFOPLIST_KEY_UISupportedInterfaceOrientations_iPhone = "UIInterfaceOrientationPortrait UIInterfaceOrientationLandscapeLeft UIInterfaceOrientationLandscapeRight";
				LD_RUNPATH_SEARCH_PATHS = (
					"$(inherited)",
					"@executable_path/Frameworks",
				);
				MARKETING_VERSION = 1.0;
				PRODUCT_BUNDLE_IDENTIFIER = com.ruzimetova.WomenBusinessDirectory;
				PRODUCT_NAME = "$(TARGET_NAME)";
				SWIFT_EMIT_LOC_STRINGS = YES;
				SWIFT_VERSION = 5.0;
				TARGETED_DEVICE_FAMILY = "1,2";
			};
			name = Release;
		};
/* End XCBuildConfiguration section */

/* Begin XCConfigurationList section */
		8DDB66F42BC9981D00D9A2C8 /* Build configuration list for PBXProject "WomenBusinessDirectory" */ = {
			isa = XCConfigurationList;
			buildConfigurations = (
				8DDB67072BC9982000D9A2C8 /* Debug */,
				8DDB67082BC9982000D9A2C8 /* Release */,
			);
			defaultConfigurationIsVisible = 0;
			defaultConfigurationName = Release;
		};
		8DDB67092BC9982000D9A2C8 /* Build configuration list for PBXNativeTarget "WomenBusinessDirectory" */ = {
			isa = XCConfigurationList;
			buildConfigurations = (
				8DDB670A2BC9982000D9A2C8 /* Debug */,
				8DDB670B2BC9982000D9A2C8 /* Release */,
			);
			defaultConfigurationIsVisible = 0;
			defaultConfigurationName = Release;
		};
/* End XCConfigurationList section */
	};
	rootObject = 8DDB66F12BC9981D00D9A2C8 /* Project object */;
}
