// !$*UTF8*$!
{
	archiveVersion = 1;
	classes = {
	};
	objectVersion = 56;
	objects = {

/* Begin PBXBuildFile section */
		8D3BE6132C17457400275033 /* FirebaseAuth in Frameworks */ = {isa = PBXBuildFile; productRef = 8D3BE6122C17457400275033 /* FirebaseAuth */; };
		8D3BE6152C17457400275033 /* FirebaseFirestore in Frameworks */ = {isa = PBXBuildFile; productRef = 8D3BE6142C17457400275033 /* FirebaseFirestore */; };
		8D3BE6172C17457400275033 /* FirebaseFirestoreSwift in Frameworks */ = {isa = PBXBuildFile; productRef = 8D3BE6162C17457400275033 /* FirebaseFirestoreSwift */; };
		8D3BE6192C17457400275033 /* FirebaseStorage in Frameworks */ = {isa = PBXBuildFile; productRef = 8D3BE6182C17457400275033 /* FirebaseStorage */; };
		8D3BE6202C176F0100275033 /* .gitignore in Resources */ = {isa = PBXBuildFile; fileRef = 8D3BE61F2C176F0100275033 /* .gitignore */; };
		8D3BE6222C1797B600275033 /* GoogleService-Info.plist in Resources */ = {isa = PBXBuildFile; fileRef = 8D3BE6212C1797B600275033 /* GoogleService-Info.plist */; };
		8D4B959B2BF80F8800A0AF45 /* AddCompanyView.swift in Sources */ = {isa = PBXBuildFile; fileRef = 8D4B959A2BF80F8800A0AF45 /* AddCompanyView.swift */; };
		8D4D7EAF2C091B7800FF7EF5 /* StubData.swift in Sources */ = {isa = PBXBuildFile; fileRef = 8D4D7EAE2C091B7800FF7EF5 /* StubData.swift */; };
		8D68E6CD2C2613F200D10390 /* EntrepreneurManager.swift in Sources */ = {isa = PBXBuildFile; fileRef = 8D68E6CC2C2613F200D10390 /* EntrepreneurManager.swift */; };
		8D68E6CF2C2A0FD100D10390 /* SignUpEmailViewModel.swift in Sources */ = {isa = PBXBuildFile; fileRef = 8D68E6CE2C2A0FD100D10390 /* SignUpEmailViewModel.swift */; };
		8D68E6D12C2B60DD00D10390 /* AuthenticationFormProtocol.swift in Sources */ = {isa = PBXBuildFile; fileRef = 8D68E6D02C2B60DD00D10390 /* AuthenticationFormProtocol.swift */; };
		8DAECA452C014B240037A601 /* ProfileView.swift in Sources */ = {isa = PBXBuildFile; fileRef = 8DAECA442C014B240037A601 /* ProfileView.swift */; };
		8DAECA472C018AF20037A601 /* EditProfileView.swift in Sources */ = {isa = PBXBuildFile; fileRef = 8DAECA462C018AF20037A601 /* EditProfileView.swift */; };
		8DB694BB2C34746600DC516E /* InfoView.swift in Sources */ = {isa = PBXBuildFile; fileRef = 8DB694BA2C34746600DC516E /* InfoView.swift */; };
		8DB694BD2C34747500DC516E /* ProductsView.swift in Sources */ = {isa = PBXBuildFile; fileRef = 8DB694BC2C34747500DC516E /* ProductsView.swift */; };
		8DB694BF2C34748300DC516E /* MapView.swift in Sources */ = {isa = PBXBuildFile; fileRef = 8DB694BE2C34748300DC516E /* MapView.swift */; };
		8DB694C22C34B84300DC516E /* CompanyViewModel.swift in Sources */ = {isa = PBXBuildFile; fileRef = 8DB694C12C34B84300DC516E /* CompanyViewModel.swift */; };
		8DB694C42C34BA5B00DC516E /* AddCompanyViewModel.swift in Sources */ = {isa = PBXBuildFile; fileRef = 8DB694C32C34BA5A00DC516E /* AddCompanyViewModel.swift */; };
		8DD6E8F42C30DEBF000F67DD /* CompanyManager.swift in Sources */ = {isa = PBXBuildFile; fileRef = 8DD6E8F32C30DEBF000F67DD /* CompanyManager.swift */; };
		8DD6E8F62C30E291000F67DD /* CategoryManager.swift in Sources */ = {isa = PBXBuildFile; fileRef = 8DD6E8F52C30E291000F67DD /* CategoryManager.swift */; };
		8DD6E8F82C32C79D000F67DD /* AsyncExt.swift in Sources */ = {isa = PBXBuildFile; fileRef = 8DD6E8F72C32C79C000F67DD /* AsyncExt.swift */; };
		8DDB66FD2BC9981D00D9A2C8 /* WomenBusinessDirectoryApp.swift in Sources */ = {isa = PBXBuildFile; fileRef = 8DDB66FC2BC9981D00D9A2C8 /* WomenBusinessDirectoryApp.swift */; };
		8DDB66FF2BC9981D00D9A2C8 /* ContentView.swift in Sources */ = {isa = PBXBuildFile; fileRef = 8DDB66FE2BC9981D00D9A2C8 /* ContentView.swift */; };
		8DDB67032BC9982000D9A2C8 /* Assets.xcassets in Resources */ = {isa = PBXBuildFile; fileRef = 8DDB67022BC9982000D9A2C8 /* Assets.xcassets */; };
		8DDB67062BC9982000D9A2C8 /* Preview Assets.xcassets in Resources */ = {isa = PBXBuildFile; fileRef = 8DDB67052BC9982000D9A2C8 /* Preview Assets.xcassets */; };
		8DDB670D2BC99DF900D9A2C8 /* DirectoryListView.swift in Sources */ = {isa = PBXBuildFile; fileRef = 8DDB670C2BC99DF900D9A2C8 /* DirectoryListView.swift */; };
		8DDB670F2BC99E2500D9A2C8 /* FavoritesListView.swift in Sources */ = {isa = PBXBuildFile; fileRef = 8DDB670E2BC99E2500D9A2C8 /* FavoritesListView.swift */; };
		8DDB67112BC99E3A00D9A2C8 /* EventsListView.swift in Sources */ = {isa = PBXBuildFile; fileRef = 8DDB67102BC99E3A00D9A2C8 /* EventsListView.swift */; };
		8DDB67192BCADBF500D9A2C8 /* CompaniesListView.swift in Sources */ = {isa = PBXBuildFile; fileRef = 8DDB67182BCADBF500D9A2C8 /* CompaniesListView.swift */; };
		8DDB671B2BCADE6200D9A2C8 /* CompanyDetailView.swift in Sources */ = {isa = PBXBuildFile; fileRef = 8DDB671A2BCADE6200D9A2C8 /* CompanyDetailView.swift */; };
		8DDB671D2BCD742300D9A2C8 /* CardView.swift in Sources */ = {isa = PBXBuildFile; fileRef = 8DDB671C2BCD742300D9A2C8 /* CardView.swift */; };
		8DDE05832C126F6A00C83EEA /* SignInEmailView.swift in Sources */ = {isa = PBXBuildFile; fileRef = 8DDE05822C126F6A00C83EEA /* SignInEmailView.swift */; };
		8DDE058D2C13AC5500C83EEA /* InputView.swift in Sources */ = {isa = PBXBuildFile; fileRef = 8DDE058C2C13AC5500C83EEA /* InputView.swift */; };
		8DDE058F2C13B79000C83EEA /* SignUpEmailView.swift in Sources */ = {isa = PBXBuildFile; fileRef = 8DDE058E2C13B79000C83EEA /* SignUpEmailView.swift */; };
		8DDE05912C13C40A00C83EEA /* SettingsView.swift in Sources */ = {isa = PBXBuildFile; fileRef = 8DDE05902C13C40A00C83EEA /* SettingsView.swift */; };
		8DDE05932C150F0A00C83EEA /* SettingsRowView.swift in Sources */ = {isa = PBXBuildFile; fileRef = 8DDE05922C150F0A00C83EEA /* SettingsRowView.swift */; };
		8DE69ADF2C22279C00C2D6C9 /* AuthenticationManager.swift in Sources */ = {isa = PBXBuildFile; fileRef = 8DE69ADE2C22279C00C2D6C9 /* AuthenticationManager.swift */; };
		8DE69AE12C22364100C2D6C9 /* AuthenticationView.swift in Sources */ = {isa = PBXBuildFile; fileRef = 8DE69AE02C22364100C2D6C9 /* AuthenticationView.swift */; };
		8DE69AE52C2368A700C2D6C9 /* RootView.swift in Sources */ = {isa = PBXBuildFile; fileRef = 8DE69AE42C2368A700C2D6C9 /* RootView.swift */; };
		8DE69AE72C24D9D400C2D6C9 /* SettingsViewModel.swift in Sources */ = {isa = PBXBuildFile; fileRef = 8DE69AE62C24D9D400C2D6C9 /* SettingsViewModel.swift */; };
		8DE69AEB2C24DA4900C2D6C9 /* AuthenticationViewModel.swift in Sources */ = {isa = PBXBuildFile; fileRef = 8DE69AEA2C24DA4900C2D6C9 /* AuthenticationViewModel.swift */; };
		8DE69AED2C24DB2D00C2D6C9 /* SignInEmailViewModel.swift in Sources */ = {isa = PBXBuildFile; fileRef = 8DE69AEC2C24DB2D00C2D6C9 /* SignInEmailViewModel.swift */; };
/* End PBXBuildFile section */

/* Begin PBXFileReference section */
		8D3BE61F2C176F0100275033 /* .gitignore */ = {isa = PBXFileReference; lastKnownFileType = text; path = .gitignore; sourceTree = "<group>"; };
		8D3BE6212C1797B600275033 /* GoogleService-Info.plist */ = {isa = PBXFileReference; fileEncoding = 4; lastKnownFileType = text.plist.xml; path = "GoogleService-Info.plist"; sourceTree = "<group>"; };
		8D4B959A2BF80F8800A0AF45 /* AddCompanyView.swift */ = {isa = PBXFileReference; lastKnownFileType = sourcecode.swift; path = AddCompanyView.swift; sourceTree = "<group>"; };
		8D4D7EAE2C091B7800FF7EF5 /* StubData.swift */ = {isa = PBXFileReference; lastKnownFileType = sourcecode.swift; path = StubData.swift; sourceTree = "<group>"; };
		8D68E6CC2C2613F200D10390 /* EntrepreneurManager.swift */ = {isa = PBXFileReference; lastKnownFileType = sourcecode.swift; path = EntrepreneurManager.swift; sourceTree = "<group>"; };
		8D68E6CE2C2A0FD100D10390 /* SignUpEmailViewModel.swift */ = {isa = PBXFileReference; lastKnownFileType = sourcecode.swift; path = SignUpEmailViewModel.swift; sourceTree = "<group>"; };
		8D68E6D02C2B60DD00D10390 /* AuthenticationFormProtocol.swift */ = {isa = PBXFileReference; lastKnownFileType = sourcecode.swift; path = AuthenticationFormProtocol.swift; sourceTree = "<group>"; };
		8DAECA442C014B240037A601 /* ProfileView.swift */ = {isa = PBXFileReference; lastKnownFileType = sourcecode.swift; path = ProfileView.swift; sourceTree = "<group>"; };
		8DAECA462C018AF20037A601 /* EditProfileView.swift */ = {isa = PBXFileReference; lastKnownFileType = sourcecode.swift; path = EditProfileView.swift; sourceTree = "<group>"; };
		8DB694BA2C34746600DC516E /* InfoView.swift */ = {isa = PBXFileReference; lastKnownFileType = sourcecode.swift; path = InfoView.swift; sourceTree = "<group>"; };
		8DB694BC2C34747500DC516E /* ProductsView.swift */ = {isa = PBXFileReference; lastKnownFileType = sourcecode.swift; path = ProductsView.swift; sourceTree = "<group>"; };
		8DB694BE2C34748300DC516E /* MapView.swift */ = {isa = PBXFileReference; lastKnownFileType = sourcecode.swift; path = MapView.swift; sourceTree = "<group>"; };
		8DB694C12C34B84300DC516E /* CompanyViewModel.swift */ = {isa = PBXFileReference; lastKnownFileType = sourcecode.swift; path = CompanyViewModel.swift; sourceTree = "<group>"; };
		8DB694C32C34BA5A00DC516E /* AddCompanyViewModel.swift */ = {isa = PBXFileReference; lastKnownFileType = sourcecode.swift; path = AddCompanyViewModel.swift; sourceTree = "<group>"; };
		8DD6E8F32C30DEBF000F67DD /* CompanyManager.swift */ = {isa = PBXFileReference; lastKnownFileType = sourcecode.swift; path = CompanyManager.swift; sourceTree = "<group>"; };
		8DD6E8F52C30E291000F67DD /* CategoryManager.swift */ = {isa = PBXFileReference; lastKnownFileType = sourcecode.swift; path = CategoryManager.swift; sourceTree = "<group>"; };
		8DD6E8F72C32C79C000F67DD /* AsyncExt.swift */ = {isa = PBXFileReference; lastKnownFileType = sourcecode.swift; path = AsyncExt.swift; sourceTree = "<group>"; };
		8DDB66F92BC9981D00D9A2C8 /* WomenBusinessDirectory.app */ = {isa = PBXFileReference; explicitFileType = wrapper.application; includeInIndex = 0; path = WomenBusinessDirectory.app; sourceTree = BUILT_PRODUCTS_DIR; };
		8DDB66FC2BC9981D00D9A2C8 /* WomenBusinessDirectoryApp.swift */ = {isa = PBXFileReference; lastKnownFileType = sourcecode.swift; path = WomenBusinessDirectoryApp.swift; sourceTree = "<group>"; };
		8DDB66FE2BC9981D00D9A2C8 /* ContentView.swift */ = {isa = PBXFileReference; lastKnownFileType = sourcecode.swift; path = ContentView.swift; sourceTree = "<group>"; };
		8DDB67022BC9982000D9A2C8 /* Assets.xcassets */ = {isa = PBXFileReference; lastKnownFileType = folder.assetcatalog; path = Assets.xcassets; sourceTree = "<group>"; };
		8DDB67052BC9982000D9A2C8 /* Preview Assets.xcassets */ = {isa = PBXFileReference; lastKnownFileType = folder.assetcatalog; path = "Preview Assets.xcassets"; sourceTree = "<group>"; };
		8DDB670C2BC99DF900D9A2C8 /* DirectoryListView.swift */ = {isa = PBXFileReference; lastKnownFileType = sourcecode.swift; path = DirectoryListView.swift; sourceTree = "<group>"; };
		8DDB670E2BC99E2500D9A2C8 /* FavoritesListView.swift */ = {isa = PBXFileReference; lastKnownFileType = sourcecode.swift; path = FavoritesListView.swift; sourceTree = "<group>"; };
		8DDB67102BC99E3A00D9A2C8 /* EventsListView.swift */ = {isa = PBXFileReference; lastKnownFileType = sourcecode.swift; path = EventsListView.swift; sourceTree = "<group>"; };
		8DDB67182BCADBF500D9A2C8 /* CompaniesListView.swift */ = {isa = PBXFileReference; lastKnownFileType = sourcecode.swift; path = CompaniesListView.swift; sourceTree = "<group>"; };
		8DDB671A2BCADE6200D9A2C8 /* CompanyDetailView.swift */ = {isa = PBXFileReference; lastKnownFileType = sourcecode.swift; path = CompanyDetailView.swift; sourceTree = "<group>"; };
		8DDB671C2BCD742300D9A2C8 /* CardView.swift */ = {isa = PBXFileReference; lastKnownFileType = sourcecode.swift; path = CardView.swift; sourceTree = "<group>"; };
		8DDE05822C126F6A00C83EEA /* SignInEmailView.swift */ = {isa = PBXFileReference; lastKnownFileType = sourcecode.swift; path = SignInEmailView.swift; sourceTree = "<group>"; };
		8DDE058C2C13AC5500C83EEA /* InputView.swift */ = {isa = PBXFileReference; lastKnownFileType = sourcecode.swift; path = InputView.swift; sourceTree = "<group>"; };
		8DDE058E2C13B79000C83EEA /* SignUpEmailView.swift */ = {isa = PBXFileReference; lastKnownFileType = sourcecode.swift; path = SignUpEmailView.swift; sourceTree = "<group>"; };
		8DDE05902C13C40A00C83EEA /* SettingsView.swift */ = {isa = PBXFileReference; lastKnownFileType = sourcecode.swift; path = SettingsView.swift; sourceTree = "<group>"; };
		8DDE05922C150F0A00C83EEA /* SettingsRowView.swift */ = {isa = PBXFileReference; lastKnownFileType = sourcecode.swift; path = SettingsRowView.swift; sourceTree = "<group>"; };
		8DE69ADE2C22279C00C2D6C9 /* AuthenticationManager.swift */ = {isa = PBXFileReference; lastKnownFileType = sourcecode.swift; path = AuthenticationManager.swift; sourceTree = "<group>"; };
		8DE69AE02C22364100C2D6C9 /* AuthenticationView.swift */ = {isa = PBXFileReference; lastKnownFileType = sourcecode.swift; path = AuthenticationView.swift; sourceTree = "<group>"; };
		8DE69AE42C2368A700C2D6C9 /* RootView.swift */ = {isa = PBXFileReference; lastKnownFileType = sourcecode.swift; path = RootView.swift; sourceTree = "<group>"; };
		8DE69AE62C24D9D400C2D6C9 /* SettingsViewModel.swift */ = {isa = PBXFileReference; lastKnownFileType = sourcecode.swift; path = SettingsViewModel.swift; sourceTree = "<group>"; };
		8DE69AEA2C24DA4900C2D6C9 /* AuthenticationViewModel.swift */ = {isa = PBXFileReference; lastKnownFileType = sourcecode.swift; path = AuthenticationViewModel.swift; sourceTree = "<group>"; };
		8DE69AEC2C24DB2D00C2D6C9 /* SignInEmailViewModel.swift */ = {isa = PBXFileReference; lastKnownFileType = sourcecode.swift; path = SignInEmailViewModel.swift; sourceTree = "<group>"; };
/* End PBXFileReference section */

/* Begin PBXFrameworksBuildPhase section */
		8DDB66F62BC9981D00D9A2C8 /* Frameworks */ = {
			isa = PBXFrameworksBuildPhase;
			buildActionMask = 2147483647;
			files = (
				8D3BE6132C17457400275033 /* FirebaseAuth in Frameworks */,
				8D3BE6192C17457400275033 /* FirebaseStorage in Frameworks */,
				8D3BE6152C17457400275033 /* FirebaseFirestore in Frameworks */,
				8D3BE6172C17457400275033 /* FirebaseFirestoreSwift in Frameworks */,
			);
			runOnlyForDeploymentPostprocessing = 0;
		};
/* End PBXFrameworksBuildPhase section */

/* Begin PBXGroup section */
		8D3BE6242C20BF7D00275033 /* Core */ = {
			isa = PBXGroup;
			children = (
				8DDB66FE2BC9981D00D9A2C8 /* ContentView.swift */,
				8DE69AE42C2368A700C2D6C9 /* RootView.swift */,
				8DE69AE92C24DA2F00C2D6C9 /* Authentication */,
				8D68E6D22C2B6BB500D10390 /* Profile */,
			);
			name = Core;
			path = Views;
			sourceTree = "<group>";
		};
		8D4D7EB02C091B9500FF7EF5 /* Utils */ = {
			isa = PBXGroup;
			children = (
				8D4D7EAE2C091B7800FF7EF5 /* StubData.swift */,
				8DD6E8F72C32C79C000F67DD /* AsyncExt.swift */,
			);
			path = Utils;
			sourceTree = "<group>";
		};
		8D68E6CB2C2612D600D10390 /* Firestore */ = {
			isa = PBXGroup;
			children = (
				8DE69ADE2C22279C00C2D6C9 /* AuthenticationManager.swift */,
				8D68E6CC2C2613F200D10390 /* EntrepreneurManager.swift */,
				8DD6E8F32C30DEBF000F67DD /* CompanyManager.swift */,
				8DD6E8F52C30E291000F67DD /* CategoryManager.swift */,
			);
			name = Firestore;
			path = Views;
			sourceTree = "<group>";
		};
		8D68E6D22C2B6BB500D10390 /* Profile */ = {
			isa = PBXGroup;
			children = (
				8DAECA442C014B240037A601 /* ProfileView.swift */,
			);
			name = Profile;
			path = ..;
			sourceTree = "<group>";
		};
		8DB694C02C34749500DC516E /* Company Detail Views */ = {
			isa = PBXGroup;
			children = (
				8D4B959A2BF80F8800A0AF45 /* AddCompanyView.swift */,
				8DB694C32C34BA5A00DC516E /* AddCompanyViewModel.swift */,
				8DB694C12C34B84300DC516E /* CompanyViewModel.swift */,
				8DDB671A2BCADE6200D9A2C8 /* CompanyDetailView.swift */,
				8DB694BA2C34746600DC516E /* InfoView.swift */,
				8DB694BC2C34747500DC516E /* ProductsView.swift */,
				8DB694BE2C34748300DC516E /* MapView.swift */,
			);
			name = "Company Detail Views";
			sourceTree = "<group>";
		};
		8DDB66F02BC9981D00D9A2C8 = {
			isa = PBXGroup;
			children = (
				8D3BE61F2C176F0100275033 /* .gitignore */,
				8DDB66FB2BC9981D00D9A2C8 /* WomenBusinessDirectory */,
				8DDB66FA2BC9981D00D9A2C8 /* Products */,
			);
			sourceTree = "<group>";
		};
		8DDB66FA2BC9981D00D9A2C8 /* Products */ = {
			isa = PBXGroup;
			children = (
				8DDB66F92BC9981D00D9A2C8 /* WomenBusinessDirectory.app */,
			);
			name = Products;
			sourceTree = "<group>";
		};
		8DDB66FB2BC9981D00D9A2C8 /* WomenBusinessDirectory */ = {
			isa = PBXGroup;
			children = (
				8DDE05862C13A98D00C83EEA /* App */,
				8DDB67172BC99FF600D9A2C8 /* Models */,
				8D3BE6242C20BF7D00275033 /* Core */,
				8DE69AE82C24D9F800C2D6C9 /* Settings */,
				8D68E6CB2C2612D600D10390 /* Firestore */,
				8DDB67122BC99F6F00D9A2C8 /* Views */,
				8D4D7EB02C091B9500FF7EF5 /* Utils */,
				8DDE05872C13A9B400C83EEA /* Components */,
				8DDB67022BC9982000D9A2C8 /* Assets.xcassets */,
				8D3BE6212C1797B600275033 /* GoogleService-Info.plist */,
				8DDB67042BC9982000D9A2C8 /* Preview Content */,
			);
			path = WomenBusinessDirectory;
			sourceTree = "<group>";
		};
		8DDB67042BC9982000D9A2C8 /* Preview Content */ = {
			isa = PBXGroup;
			children = (
				8DDB67052BC9982000D9A2C8 /* Preview Assets.xcassets */,
			);
			path = "Preview Content";
			sourceTree = "<group>";
		};
		8DDB67122BC99F6F00D9A2C8 /* Views */ = {
			isa = PBXGroup;
			children = (
				8DDB670C2BC99DF900D9A2C8 /* DirectoryListView.swift */,
				8DDB671C2BCD742300D9A2C8 /* CardView.swift */,
				8DDB67182BCADBF500D9A2C8 /* CompaniesListView.swift */,
				8DAECA462C018AF20037A601 /* EditProfileView.swift */,
				8DB694C02C34749500DC516E /* Company Detail Views */,
				8DDB67102BC99E3A00D9A2C8 /* EventsListView.swift */,
				8DDB670E2BC99E2500D9A2C8 /* FavoritesListView.swift */,
			);
			path = Views;
			sourceTree = "<group>";
		};
		8DDB67172BC99FF600D9A2C8 /* Models */ = {
			isa = PBXGroup;
			children = (
			);
			path = Models;
			sourceTree = "<group>";
		};
		8DDE05862C13A98D00C83EEA /* App */ = {
			isa = PBXGroup;
			children = (
				8DDB66FC2BC9981D00D9A2C8 /* WomenBusinessDirectoryApp.swift */,
			);
			name = App;
			sourceTree = "<group>";
		};
		8DDE05872C13A9B400C83EEA /* Components */ = {
			isa = PBXGroup;
			children = (
				8DDE058C2C13AC5500C83EEA /* InputView.swift */,
				8D68E6D02C2B60DD00D10390 /* AuthenticationFormProtocol.swift */,
			);
			name = Components;
			sourceTree = "<group>";
		};
		8DDE05882C13AA3C00C83EEA /* SubViews */ = {
			isa = PBXGroup;
			children = (
				8DDE05822C126F6A00C83EEA /* SignInEmailView.swift */,
				8DE69AEC2C24DB2D00C2D6C9 /* SignInEmailViewModel.swift */,
				8DDE058E2C13B79000C83EEA /* SignUpEmailView.swift */,
				8D68E6CE2C2A0FD100D10390 /* SignUpEmailViewModel.swift */,
			);
			name = SubViews;
			sourceTree = "<group>";
		};
		8DE69AE82C24D9F800C2D6C9 /* Settings */ = {
			isa = PBXGroup;
			children = (
				8DDE05902C13C40A00C83EEA /* SettingsView.swift */,
				8DDE05922C150F0A00C83EEA /* SettingsRowView.swift */,
				8DE69AE62C24D9D400C2D6C9 /* SettingsViewModel.swift */,
			);
			name = Settings;
			path = Views;
			sourceTree = "<group>";
		};
		8DE69AE92C24DA2F00C2D6C9 /* Authentication */ = {
			isa = PBXGroup;
			children = (
				8DE69AE02C22364100C2D6C9 /* AuthenticationView.swift */,
				8DE69AEA2C24DA4900C2D6C9 /* AuthenticationViewModel.swift */,
				8DDE05882C13AA3C00C83EEA /* SubViews */,
			);
			name = Authentication;
			sourceTree = "<group>";
		};
/* End PBXGroup section */

/* Begin PBXNativeTarget section */
		8DDB66F82BC9981D00D9A2C8 /* WomenBusinessDirectory */ = {
			isa = PBXNativeTarget;
			buildConfigurationList = 8DDB67092BC9982000D9A2C8 /* Build configuration list for PBXNativeTarget "WomenBusinessDirectory" */;
			buildPhases = (
				8DDB66F52BC9981D00D9A2C8 /* Sources */,
				8DDB66F62BC9981D00D9A2C8 /* Frameworks */,
				8DDB66F72BC9981D00D9A2C8 /* Resources */,
			);
			buildRules = (
			);
			dependencies = (
			);
			name = WomenBusinessDirectory;
			packageProductDependencies = (
				8D3BE6122C17457400275033 /* FirebaseAuth */,
				8D3BE6142C17457400275033 /* FirebaseFirestore */,
				8D3BE6162C17457400275033 /* FirebaseFirestoreSwift */,
				8D3BE6182C17457400275033 /* FirebaseStorage */,
			);
			productName = WomenBusinessDirectory;
			productReference = 8DDB66F92BC9981D00D9A2C8 /* WomenBusinessDirectory.app */;
			productType = "com.apple.product-type.application";
		};
/* End PBXNativeTarget section */

/* Begin PBXProject section */
		8DDB66F12BC9981D00D9A2C8 /* Project object */ = {
			isa = PBXProject;
			attributes = {
				BuildIndependentTargetsInParallel = 1;
				LastSwiftUpdateCheck = 1530;
				LastUpgradeCheck = 1530;
				TargetAttributes = {
					8DDB66F82BC9981D00D9A2C8 = {
						CreatedOnToolsVersion = 15.3;
					};
				};
			};
			buildConfigurationList = 8DDB66F42BC9981D00D9A2C8 /* Build configuration list for PBXProject "WomenBusinessDirectory" */;
			compatibilityVersion = "Xcode 14.0";
			developmentRegion = en;
			hasScannedForEncodings = 0;
			knownRegions = (
				en,
				Base,
			);
			mainGroup = 8DDB66F02BC9981D00D9A2C8;
			packageReferences = (
				8D3BE6112C17457400275033 /* XCRemoteSwiftPackageReference "firebase-ios-sdk" */,
			);
			productRefGroup = 8DDB66FA2BC9981D00D9A2C8 /* Products */;
			projectDirPath = "";
			projectRoot = "";
			targets = (
				8DDB66F82BC9981D00D9A2C8 /* WomenBusinessDirectory */,
			);
		};
/* End PBXProject section */

/* Begin PBXResourcesBuildPhase section */
		8DDB66F72BC9981D00D9A2C8 /* Resources */ = {
			isa = PBXResourcesBuildPhase;
			buildActionMask = 2147483647;
			files = (
				8DDB67062BC9982000D9A2C8 /* Preview Assets.xcassets in Resources */,
				8D3BE6222C1797B600275033 /* GoogleService-Info.plist in Resources */,
				8D3BE6202C176F0100275033 /* .gitignore in Resources */,
				8DDB67032BC9982000D9A2C8 /* Assets.xcassets in Resources */,
			);
			runOnlyForDeploymentPostprocessing = 0;
		};
/* End PBXResourcesBuildPhase section */

/* Begin PBXSourcesBuildPhase section */
		8DDB66F52BC9981D00D9A2C8 /* Sources */ = {
			isa = PBXSourcesBuildPhase;
			buildActionMask = 2147483647;
			files = (
				8DE69AE52C2368A700C2D6C9 /* RootView.swift in Sources */,
				8DB694BF2C34748300DC516E /* MapView.swift in Sources */,
				8DD6E8F62C30E291000F67DD /* CategoryManager.swift in Sources */,
				8DDB67192BCADBF500D9A2C8 /* CompaniesListView.swift in Sources */,
				8DDE05932C150F0A00C83EEA /* SettingsRowView.swift in Sources */,
				8DE69AED2C24DB2D00C2D6C9 /* SignInEmailViewModel.swift in Sources */,
				8DDB670F2BC99E2500D9A2C8 /* FavoritesListView.swift in Sources */,
				8DB694BD2C34747500DC516E /* ProductsView.swift in Sources */,
				8D68E6CF2C2A0FD100D10390 /* SignUpEmailViewModel.swift in Sources */,
				8DDB67112BC99E3A00D9A2C8 /* EventsListView.swift in Sources */,
				8DDE05832C126F6A00C83EEA /* SignInEmailView.swift in Sources */,
				8DDB66FF2BC9981D00D9A2C8 /* ContentView.swift in Sources */,
				8DAECA452C014B240037A601 /* ProfileView.swift in Sources */,
				8DD6E8F42C30DEBF000F67DD /* CompanyManager.swift in Sources */,
				8DDB671D2BCD742300D9A2C8 /* CardView.swift in Sources */,
				8DB694C22C34B84300DC516E /* CompanyViewModel.swift in Sources */,
				8DD6E8F82C32C79D000F67DD /* AsyncExt.swift in Sources */,
				8DDE058D2C13AC5500C83EEA /* InputView.swift in Sources */,
				8DE69AEB2C24DA4900C2D6C9 /* AuthenticationViewModel.swift in Sources */,
				8DDE058F2C13B79000C83EEA /* SignUpEmailView.swift in Sources */,
				8DDB670D2BC99DF900D9A2C8 /* DirectoryListView.swift in Sources */,
				8D68E6D12C2B60DD00D10390 /* AuthenticationFormProtocol.swift in Sources */,
				8D4B959B2BF80F8800A0AF45 /* AddCompanyView.swift in Sources */,
				8DE69ADF2C22279C00C2D6C9 /* AuthenticationManager.swift in Sources */,
				8DDB671B2BCADE6200D9A2C8 /* CompanyDetailView.swift in Sources */,
				8DAECA472C018AF20037A601 /* EditProfileView.swift in Sources */,
				8DB694C42C34BA5B00DC516E /* AddCompanyViewModel.swift in Sources */,
				8D68E6CD2C2613F200D10390 /* EntrepreneurManager.swift in Sources */,
				8DE69AE12C22364100C2D6C9 /* AuthenticationView.swift in Sources */,
				8DDE05912C13C40A00C83EEA /* SettingsView.swift in Sources */,
				8DDB66FD2BC9981D00D9A2C8 /* WomenBusinessDirectoryApp.swift in Sources */,
				8D4D7EAF2C091B7800FF7EF5 /* StubData.swift in Sources */,
				8DB694BB2C34746600DC516E /* InfoView.swift in Sources */,
				8DE69AE72C24D9D400C2D6C9 /* SettingsViewModel.swift in Sources */,
			);
			runOnlyForDeploymentPostprocessing = 0;
		};
/* End PBXSourcesBuildPhase section */

/* Begin XCBuildConfiguration section */
		8DDB67072BC9982000D9A2C8 /* Debug */ = {
			isa = XCBuildConfiguration;
			buildSettings = {
				ALWAYS_SEARCH_USER_PATHS = NO;
				ASSETCATALOG_COMPILER_GENERATE_SWIFT_ASSET_SYMBOL_EXTENSIONS = YES;
				CLANG_ANALYZER_NONNULL = YES;
				CLANG_ANALYZER_NUMBER_OBJECT_CONVERSION = YES_AGGRESSIVE;
				CLANG_CXX_LANGUAGE_STANDARD = "gnu++20";
				CLANG_ENABLE_MODULES = YES;
				CLANG_ENABLE_OBJC_ARC = YES;
				CLANG_ENABLE_OBJC_WEAK = YES;
				CLANG_WARN_BLOCK_CAPTURE_AUTORELEASING = YES;
				CLANG_WARN_BOOL_CONVERSION = YES;
				CLANG_WARN_COMMA = YES;
				CLANG_WARN_CONSTANT_CONVERSION = YES;
				CLANG_WARN_DEPRECATED_OBJC_IMPLEMENTATIONS = YES;
				CLANG_WARN_DIRECT_OBJC_ISA_USAGE = YES_ERROR;
				CLANG_WARN_DOCUMENTATION_COMMENTS = YES;
				CLANG_WARN_EMPTY_BODY = YES;
				CLANG_WARN_ENUM_CONVERSION = YES;
				CLANG_WARN_INFINITE_RECURSION = YES;
				CLANG_WARN_INT_CONVERSION = YES;
				CLANG_WARN_NON_LITERAL_NULL_CONVERSION = YES;
				CLANG_WARN_OBJC_IMPLICIT_RETAIN_SELF = YES;
				CLANG_WARN_OBJC_LITERAL_CONVERSION = YES;
				CLANG_WARN_OBJC_ROOT_CLASS = YES_ERROR;
				CLANG_WARN_QUOTED_INCLUDE_IN_FRAMEWORK_HEADER = YES;
				CLANG_WARN_RANGE_LOOP_ANALYSIS = YES;
				CLANG_WARN_STRICT_PROTOTYPES = YES;
				CLANG_WARN_SUSPICIOUS_MOVE = YES;
				CLANG_WARN_UNGUARDED_AVAILABILITY = YES_AGGRESSIVE;
				CLANG_WARN_UNREACHABLE_CODE = YES;
				CLANG_WARN__DUPLICATE_METHOD_MATCH = YES;
				COPY_PHASE_STRIP = NO;
				DEBUG_INFORMATION_FORMAT = dwarf;
				ENABLE_STRICT_OBJC_MSGSEND = YES;
				ENABLE_TESTABILITY = YES;
				ENABLE_USER_SCRIPT_SANDBOXING = YES;
				GCC_C_LANGUAGE_STANDARD = gnu17;
				GCC_DYNAMIC_NO_PIC = NO;
				GCC_NO_COMMON_BLOCKS = YES;
				GCC_OPTIMIZATION_LEVEL = 0;
				GCC_PREPROCESSOR_DEFINITIONS = (
					"DEBUG=1",
					"$(inherited)",
				);
				GCC_WARN_64_TO_32_BIT_CONVERSION = YES;
				GCC_WARN_ABOUT_RETURN_TYPE = YES_ERROR;
				GCC_WARN_UNDECLARED_SELECTOR = YES;
				GCC_WARN_UNINITIALIZED_AUTOS = YES_AGGRESSIVE;
				GCC_WARN_UNUSED_FUNCTION = YES;
				GCC_WARN_UNUSED_VARIABLE = YES;
				IPHONEOS_DEPLOYMENT_TARGET = 17.4;
				LOCALIZATION_PREFERS_STRING_CATALOGS = YES;
				MTL_ENABLE_DEBUG_INFO = INCLUDE_SOURCE;
				MTL_FAST_MATH = YES;
				ONLY_ACTIVE_ARCH = YES;
				SDKROOT = iphoneos;
				SWIFT_ACTIVE_COMPILATION_CONDITIONS = "DEBUG $(inherited)";
				SWIFT_OPTIMIZATION_LEVEL = "-Onone";
			};
			name = Debug;
		};
		8DDB67082BC9982000D9A2C8 /* Release */ = {
			isa = XCBuildConfiguration;
			buildSettings = {
				ALWAYS_SEARCH_USER_PATHS = NO;
				ASSETCATALOG_COMPILER_GENERATE_SWIFT_ASSET_SYMBOL_EXTENSIONS = YES;
				CLANG_ANALYZER_NONNULL = YES;
				CLANG_ANALYZER_NUMBER_OBJECT_CONVERSION = YES_AGGRESSIVE;
				CLANG_CXX_LANGUAGE_STANDARD = "gnu++20";
				CLANG_ENABLE_MODULES = YES;
				CLANG_ENABLE_OBJC_ARC = YES;
				CLANG_ENABLE_OBJC_WEAK = YES;
				CLANG_WARN_BLOCK_CAPTURE_AUTORELEASING = YES;
				CLANG_WARN_BOOL_CONVERSION = YES;
				CLANG_WARN_COMMA = YES;
				CLANG_WARN_CONSTANT_CONVERSION = YES;
				CLANG_WARN_DEPRECATED_OBJC_IMPLEMENTATIONS = YES;
				CLANG_WARN_DIRECT_OBJC_ISA_USAGE = YES_ERROR;
				CLANG_WARN_DOCUMENTATION_COMMENTS = YES;
				CLANG_WARN_EMPTY_BODY = YES;
				CLANG_WARN_ENUM_CONVERSION = YES;
				CLANG_WARN_INFINITE_RECURSION = YES;
				CLANG_WARN_INT_CONVERSION = YES;
				CLANG_WARN_NON_LITERAL_NULL_CONVERSION = YES;
				CLANG_WARN_OBJC_IMPLICIT_RETAIN_SELF = YES;
				CLANG_WARN_OBJC_LITERAL_CONVERSION = YES;
				CLANG_WARN_OBJC_ROOT_CLASS = YES_ERROR;
				CLANG_WARN_QUOTED_INCLUDE_IN_FRAMEWORK_HEADER = YES;
				CLANG_WARN_RANGE_LOOP_ANALYSIS = YES;
				CLANG_WARN_STRICT_PROTOTYPES = YES;
				CLANG_WARN_SUSPICIOUS_MOVE = YES;
				CLANG_WARN_UNGUARDED_AVAILABILITY = YES_AGGRESSIVE;
				CLANG_WARN_UNREACHABLE_CODE = YES;
				CLANG_WARN__DUPLICATE_METHOD_MATCH = YES;
				COPY_PHASE_STRIP = NO;
				DEBUG_INFORMATION_FORMAT = "dwarf-with-dsym";
				ENABLE_NS_ASSERTIONS = NO;
				ENABLE_STRICT_OBJC_MSGSEND = YES;
				ENABLE_USER_SCRIPT_SANDBOXING = YES;
				GCC_C_LANGUAGE_STANDARD = gnu17;
				GCC_NO_COMMON_BLOCKS = YES;
				GCC_WARN_64_TO_32_BIT_CONVERSION = YES;
				GCC_WARN_ABOUT_RETURN_TYPE = YES_ERROR;
				GCC_WARN_UNDECLARED_SELECTOR = YES;
				GCC_WARN_UNINITIALIZED_AUTOS = YES_AGGRESSIVE;
				GCC_WARN_UNUSED_FUNCTION = YES;
				GCC_WARN_UNUSED_VARIABLE = YES;
				IPHONEOS_DEPLOYMENT_TARGET = 17.4;
				LOCALIZATION_PREFERS_STRING_CATALOGS = YES;
				MTL_ENABLE_DEBUG_INFO = NO;
				MTL_FAST_MATH = YES;
				SDKROOT = iphoneos;
				SWIFT_COMPILATION_MODE = wholemodule;
				VALIDATE_PRODUCT = YES;
			};
			name = Release;
		};
		8DDB670A2BC9982000D9A2C8 /* Debug */ = {
			isa = XCBuildConfiguration;
			buildSettings = {
				ASSETCATALOG_COMPILER_APPICON_NAME = AppIcon;
				ASSETCATALOG_COMPILER_GLOBAL_ACCENT_COLOR_NAME = AccentColor;
				CODE_SIGN_STYLE = Automatic;
				CURRENT_PROJECT_VERSION = 1;
				DEVELOPMENT_ASSET_PATHS = "\"WomenBusinessDirectory/Preview Content\"";
				DEVELOPMENT_TEAM = 4V4G78L69F;
				ENABLE_PREVIEWS = YES;
				GENERATE_INFOPLIST_FILE = YES;
				INFOPLIST_KEY_UIApplicationSceneManifest_Generation = YES;
				INFOPLIST_KEY_UIApplicationSupportsIndirectInputEvents = YES;
				INFOPLIST_KEY_UILaunchScreen_Generation = YES;
				INFOPLIST_KEY_UISupportedInterfaceOrientations_iPad = "UIInterfaceOrientationPortrait UIInterfaceOrientationPortraitUpsideDown UIInterfaceOrientationLandscapeLeft UIInterfaceOrientationLandscapeRight";
				INFOPLIST_KEY_UISupportedInterfaceOrientations_iPhone = "UIInterfaceOrientationPortrait UIInterfaceOrientationLandscapeLeft UIInterfaceOrientationLandscapeRight";
				LD_RUNPATH_SEARCH_PATHS = (
					"$(inherited)",
					"@executable_path/Frameworks",
				);
				MARKETING_VERSION = 1.0;
				PRODUCT_BUNDLE_IDENTIFIER = com.ruzimetova.WomenBusinessDirectory;
				PRODUCT_NAME = "$(TARGET_NAME)";
				SWIFT_EMIT_LOC_STRINGS = YES;
				SWIFT_VERSION = 5.0;
				TARGETED_DEVICE_FAMILY = "1,2";
			};
			name = Debug;
		};
		8DDB670B2BC9982000D9A2C8 /* Release */ = {
			isa = XCBuildConfiguration;
			buildSettings = {
				ASSETCATALOG_COMPILER_APPICON_NAME = AppIcon;
				ASSETCATALOG_COMPILER_GLOBAL_ACCENT_COLOR_NAME = AccentColor;
				CODE_SIGN_STYLE = Automatic;
				CURRENT_PROJECT_VERSION = 1;
				DEVELOPMENT_ASSET_PATHS = "\"WomenBusinessDirectory/Preview Content\"";
				DEVELOPMENT_TEAM = 4V4G78L69F;
				ENABLE_PREVIEWS = YES;
				GENERATE_INFOPLIST_FILE = YES;
				INFOPLIST_KEY_UIApplicationSceneManifest_Generation = YES;
				INFOPLIST_KEY_UIApplicationSupportsIndirectInputEvents = YES;
				INFOPLIST_KEY_UILaunchScreen_Generation = YES;
				INFOPLIST_KEY_UISupportedInterfaceOrientations_iPad = "UIInterfaceOrientationPortrait UIInterfaceOrientationPortraitUpsideDown UIInterfaceOrientationLandscapeLeft UIInterfaceOrientationLandscapeRight";
				INFOPLIST_KEY_UISupportedInterfaceOrientations_iPhone = "UIInterfaceOrientationPortrait UIInterfaceOrientationLandscapeLeft UIInterfaceOrientationLandscapeRight";
				LD_RUNPATH_SEARCH_PATHS = (
					"$(inherited)",
					"@executable_path/Frameworks",
				);
				MARKETING_VERSION = 1.0;
				PRODUCT_BUNDLE_IDENTIFIER = com.ruzimetova.WomenBusinessDirectory;
				PRODUCT_NAME = "$(TARGET_NAME)";
				SWIFT_EMIT_LOC_STRINGS = YES;
				SWIFT_VERSION = 5.0;
				TARGETED_DEVICE_FAMILY = "1,2";
			};
			name = Release;
		};
/* End XCBuildConfiguration section */

/* Begin XCConfigurationList section */
		8DDB66F42BC9981D00D9A2C8 /* Build configuration list for PBXProject "WomenBusinessDirectory" */ = {
			isa = XCConfigurationList;
			buildConfigurations = (
				8DDB67072BC9982000D9A2C8 /* Debug */,
				8DDB67082BC9982000D9A2C8 /* Release */,
			);
			defaultConfigurationIsVisible = 0;
			defaultConfigurationName = Release;
		};
		8DDB67092BC9982000D9A2C8 /* Build configuration list for PBXNativeTarget "WomenBusinessDirectory" */ = {
			isa = XCConfigurationList;
			buildConfigurations = (
				8DDB670A2BC9982000D9A2C8 /* Debug */,
				8DDB670B2BC9982000D9A2C8 /* Release */,
			);
			defaultConfigurationIsVisible = 0;
			defaultConfigurationName = Release;
		};
/* End XCConfigurationList section */

/* Begin XCRemoteSwiftPackageReference section */
		8D3BE6112C17457400275033 /* XCRemoteSwiftPackageReference "firebase-ios-sdk" */ = {
			isa = XCRemoteSwiftPackageReference;
			repositoryURL = "https://github.com/firebase/firebase-ios-sdk";
			requirement = {
				kind = upToNextMajorVersion;
				minimumVersion = 10.27.0;
			};
		};
/* End XCRemoteSwiftPackageReference section */

/* Begin XCSwiftPackageProductDependency section */
		8D3BE6122C17457400275033 /* FirebaseAuth */ = {
			isa = XCSwiftPackageProductDependency;
			package = 8D3BE6112C17457400275033 /* XCRemoteSwiftPackageReference "firebase-ios-sdk" */;
			productName = FirebaseAuth;
		};
		8D3BE6142C17457400275033 /* FirebaseFirestore */ = {
			isa = XCSwiftPackageProductDependency;
			package = 8D3BE6112C17457400275033 /* XCRemoteSwiftPackageReference "firebase-ios-sdk" */;
			productName = FirebaseFirestore;
		};
		8D3BE6162C17457400275033 /* FirebaseFirestoreSwift */ = {
			isa = XCSwiftPackageProductDependency;
			package = 8D3BE6112C17457400275033 /* XCRemoteSwiftPackageReference "firebase-ios-sdk" */;
			productName = FirebaseFirestoreSwift;
		};
		8D3BE6182C17457400275033 /* FirebaseStorage */ = {
			isa = XCSwiftPackageProductDependency;
			package = 8D3BE6112C17457400275033 /* XCRemoteSwiftPackageReference "firebase-ios-sdk" */;
			productName = FirebaseStorage;
		};
/* End XCSwiftPackageProductDependency section */
	};
	rootObject = 8DDB66F12BC9981D00D9A2C8 /* Project object */;
}
