// !$*UTF8*$!
{
	archiveVersion = 1;
	classes = {
	};
	objectVersion = 70;
	objects = {

/* Begin PBXBuildFile section */
		8D3BE6202C176F0100275033 /* .gitignore in Resources */ = {isa = PBXBuildFile; fileRef = 8D3BE61F2C176F0100275033 /* .gitignore */; };
		8D4DECA02D67A580001BCA71 /* FirebaseAnalytics in Frameworks */ = {isa = PBXBuildFile; productRef = 8D4DEC9F2D67A580001BCA71 /* FirebaseAnalytics */; };
		8D4DECA22D67A580001BCA71 /* FirebaseAuth in Frameworks */ = {isa = PBXBuildFile; productRef = 8D4DECA12D67A580001BCA71 /* FirebaseAuth */; };
		8D4DECA42D67A580001BCA71 /* FirebaseCore in Frameworks */ = {isa = PBXBuildFile; productRef = 8D4DECA32D67A580001BCA71 /* FirebaseCore */; };
		8D4DECA62D67A580001BCA71 /* FirebaseCrashlytics in Frameworks */ = {isa = PBXBuildFile; productRef = 8D4DECA52D67A580001BCA71 /* FirebaseCrashlytics */; };
		8D4DECA82D67A580001BCA71 /* FirebaseDatabase in Frameworks */ = {isa = PBXBuildFile; productRef = 8D4DECA72D67A580001BCA71 /* FirebaseDatabase */; };
		8D4DECAA2D67A580001BCA71 /* FirebaseFirestore in Frameworks */ = {isa = PBXBuildFile; productRef = 8D4DECA92D67A580001BCA71 /* FirebaseFirestore */; };
		8D4DECAC2D67A580001BCA71 /* FirebaseStorage in Frameworks */ = {isa = PBXBuildFile; productRef = 8D4DECAB2D67A580001BCA71 /* FirebaseStorage */; };
/* End PBXBuildFile section */

/* Begin PBXContainerItemProxy section */
		8D1E09A92D73BD2600B55741 /* PBXContainerItemProxy */ = {
			isa = PBXContainerItemProxy;
			containerPortal = 8DDB66F12BC9981D00D9A2C8 /* Project object */;
			proxyType = 1;
			remoteGlobalIDString = 8DDB66F82BC9981D00D9A2C8;
			remoteInfo = WomenBusinessDirectory;
		};
		8D1E09B82D73BD6400B55741 /* PBXContainerItemProxy */ = {
			isa = PBXContainerItemProxy;
			containerPortal = 8DDB66F12BC9981D00D9A2C8 /* Project object */;
			proxyType = 1;
			remoteGlobalIDString = 8DDB66F82BC9981D00D9A2C8;
			remoteInfo = WomenBusinessDirectory;
		};
/* End PBXContainerItemProxy section */

/* Begin PBXFileReference section */
		8D1E09A52D73BD2600B55741 /* WomenBusinessDirectoryTests.xctest */ = {isa = PBXFileReference; explicitFileType = wrapper.cfbundle; includeInIndex = 0; path = WomenBusinessDirectoryTests.xctest; sourceTree = BUILT_PRODUCTS_DIR; };
		8D1E09B22D73BD6400B55741 /* WomenBusinessDirectoryUITests.xctest */ = {isa = PBXFileReference; explicitFileType = wrapper.cfbundle; includeInIndex = 0; path = WomenBusinessDirectoryUITests.xctest; sourceTree = BUILT_PRODUCTS_DIR; };
		8D3BE61F2C176F0100275033 /* .gitignore */ = {isa = PBXFileReference; lastKnownFileType = text; path = .gitignore; sourceTree = "<group>"; };
		8D47A8722D3EA772004FCF20 /* WomenBusinessDirectory.app */ = {isa = PBXFileReference; explicitFileType = wrapper.application; includeInIndex = 0; path = WomenBusinessDirectory.app; sourceTree = BUILT_PRODUCTS_DIR; };
/* End PBXFileReference section */

/* Begin PBXFileSystemSynchronizedBuildFileExceptionSet section */
		8D4DED912D680998001BCA71 /* PBXFileSystemSynchronizedBuildFileExceptionSet */ = {
			isa = PBXFileSystemSynchronizedBuildFileExceptionSet;
			membershipExceptions = (
				Info.plist,
			);
			target = 8DDB66F82BC9981D00D9A2C8 /* WomenBusinessDirectory */;
		};
/* End PBXFileSystemSynchronizedBuildFileExceptionSet section */

/* Begin PBXFileSystemSynchronizedRootGroup section */
		8D1E09A62D73BD2600B55741 /* WomenBusinessDirectoryTests */ = {isa = PBXFileSystemSynchronizedRootGroup; explicitFileTypes = {}; explicitFolders = (); path = WomenBusinessDirectoryTests; sourceTree = "<group>"; };
		8D1E09B32D73BD6400B55741 /* WomenBusinessDirectoryUITests */ = {isa = PBXFileSystemSynchronizedRootGroup; explicitFileTypes = {}; explicitFolders = (); path = WomenBusinessDirectoryUITests; sourceTree = "<group>"; };
		8D5FC8922D3E047D00FA663E /* WomenBusinessDirectory */ = {isa = PBXFileSystemSynchronizedRootGroup; exceptions = (8D4DED912D680998001BCA71 /* PBXFileSystemSynchronizedBuildFileExceptionSet */, ); explicitFileTypes = {}; explicitFolders = (); path = WomenBusinessDirectory; sourceTree = "<group>"; };
/* End PBXFileSystemSynchronizedRootGroup section */

/* Begin PBXFrameworksBuildPhase section */
		8D1E09A22D73BD2600B55741 /* Frameworks */ = {
			isa = PBXFrameworksBuildPhase;
			buildActionMask = 2147483647;
			files = (
			);
			runOnlyForDeploymentPostprocessing = 0;
		};
		8D1E09AF2D73BD6400B55741 /* Frameworks */ = {
			isa = PBXFrameworksBuildPhase;
			buildActionMask = 2147483647;
			files = (
			);
			runOnlyForDeploymentPostprocessing = 0;
		};
		8DDB66F62BC9981D00D9A2C8 /* Frameworks */ = {
			isa = PBXFrameworksBuildPhase;
			buildActionMask = 2147483647;
			files = (
				8D4DECA82D67A580001BCA71 /* FirebaseDatabase in Frameworks */,
				8D4DECA02D67A580001BCA71 /* FirebaseAnalytics in Frameworks */,
				8D4DECA62D67A580001BCA71 /* FirebaseCrashlytics in Frameworks */,
				8D4DECA42D67A580001BCA71 /* FirebaseCore in Frameworks */,
				8D4DECAC2D67A580001BCA71 /* FirebaseStorage in Frameworks */,
				8D4DECA22D67A580001BCA71 /* FirebaseAuth in Frameworks */,
				8D4DECAA2D67A580001BCA71 /* FirebaseFirestore in Frameworks */,
			);
			runOnlyForDeploymentPostprocessing = 0;
		};
/* End PBXFrameworksBuildPhase section */

/* Begin PBXGroup section */
		8DDB66F02BC9981D00D9A2C8 = {
			isa = PBXGroup;
			children = (
				8D3BE61F2C176F0100275033 /* .gitignore */,
				8D5FC8922D3E047D00FA663E /* WomenBusinessDirectory */,
				8D47A8722D3EA772004FCF20 /* WomenBusinessDirectory.app */,
				8D1E09A52D73BD2600B55741 /* WomenBusinessDirectoryTests.xctest */,
				8D1E09A62D73BD2600B55741 /* WomenBusinessDirectoryTests */,
				8D1E09B22D73BD6400B55741 /* WomenBusinessDirectoryUITests.xctest */,
				8D1E09B32D73BD6400B55741 /* WomenBusinessDirectoryUITests */,
			);
			sourceTree = "<group>";
		};
/* End PBXGroup section */

/* Begin PBXNativeTarget section */
		8D1E09A42D73BD2600B55741 /* WomenBusinessDirectoryTests */ = {
			isa = PBXNativeTarget;
			buildConfigurationList = 8D1E09AB2D73BD2600B55741 /* Build configuration list for PBXNativeTarget "WomenBusinessDirectoryTests" */;
			buildPhases = (
				8D1E09A12D73BD2600B55741 /* Sources */,
				8D1E09A22D73BD2600B55741 /* Frameworks */,
				8D1E09A32D73BD2600B55741 /* Resources */,
			);
			buildRules = (
			);
			dependencies = (
				8D1E09AA2D73BD2600B55741 /* PBXTargetDependency */,
			);
			fileSystemSynchronizedGroups = (
				8D1E09A62D73BD2600B55741 /* WomenBusinessDirectoryTests */,
			);
			name = WomenBusinessDirectoryTests;
			packageProductDependencies = (
			);
			productName = WomenBusinessDirectoryTests;
			productReference = 8D1E09A52D73BD2600B55741 /* WomenBusinessDirectoryTests.xctest */;
			productType = "com.apple.product-type.bundle.unit-test";
		};
		8D1E09B12D73BD6400B55741 /* WomenBusinessDirectoryUITests */ = {
			isa = PBXNativeTarget;
			buildConfigurationList = 8D1E09BA2D73BD6400B55741 /* Build configuration list for PBXNativeTarget "WomenBusinessDirectoryUITests" */;
			buildPhases = (
				8D1E09AE2D73BD6400B55741 /* Sources */,
				8D1E09AF2D73BD6400B55741 /* Frameworks */,
				8D1E09B02D73BD6400B55741 /* Resources */,
			);
			buildRules = (
			);
			dependencies = (
				8D1E09B92D73BD6400B55741 /* PBXTargetDependency */,
			);
			fileSystemSynchronizedGroups = (
				8D1E09B32D73BD6400B55741 /* WomenBusinessDirectoryUITests */,
			);
			name = WomenBusinessDirectoryUITests;
			packageProductDependencies = (
			);
			productName = WomenBusinessDirectoryUITests;
			productReference = 8D1E09B22D73BD6400B55741 /* WomenBusinessDirectoryUITests.xctest */;
			productType = "com.apple.product-type.bundle.ui-testing";
		};
		8DDB66F82BC9981D00D9A2C8 /* WomenBusinessDirectory */ = {
			isa = PBXNativeTarget;
			buildConfigurationList = 8DDB67092BC9982000D9A2C8 /* Build configuration list for PBXNativeTarget "WomenBusinessDirectory" */;
			buildPhases = (
				8DDB66F52BC9981D00D9A2C8 /* Sources */,
				8DDB66F62BC9981D00D9A2C8 /* Frameworks */,
				8DDB66F72BC9981D00D9A2C8 /* Resources */,
			);
			buildRules = (
			);
			dependencies = (
			);
			fileSystemSynchronizedGroups = (
				8D5FC8922D3E047D00FA663E /* WomenBusinessDirectory */,
			);
			name = WomenBusinessDirectory;
			packageProductDependencies = (
				8D4DEC9F2D67A580001BCA71 /* FirebaseAnalytics */,
				8D4DECA12D67A580001BCA71 /* FirebaseAuth */,
				8D4DECA32D67A580001BCA71 /* FirebaseCore */,
				8D4DECA52D67A580001BCA71 /* FirebaseCrashlytics */,
				8D4DECA72D67A580001BCA71 /* FirebaseDatabase */,
				8D4DECA92D67A580001BCA71 /* FirebaseFirestore */,
				8D4DECAB2D67A580001BCA71 /* FirebaseStorage */,
			);
			productName = WomenBusinessDirectory;
			productReference = 8D47A8722D3EA772004FCF20 /* WomenBusinessDirectory.app */;
			productType = "com.apple.product-type.application";
		};
/* End PBXNativeTarget section */

/* Begin PBXProject section */
		8DDB66F12BC9981D00D9A2C8 /* Project object */ = {
			isa = PBXProject;
			attributes = {
				BuildIndependentTargetsInParallel = 1;
				LastSwiftUpdateCheck = 1620;
				LastUpgradeCheck = 1530;
				TargetAttributes = {
					8D1E09A42D73BD2600B55741 = {
						CreatedOnToolsVersion = 16.2;
						TestTargetID = 8DDB66F82BC9981D00D9A2C8;
					};
					8D1E09B12D73BD6400B55741 = {
						CreatedOnToolsVersion = 16.2;
						TestTargetID = 8DDB66F82BC9981D00D9A2C8;
					};
					8DDB66F82BC9981D00D9A2C8 = {
						CreatedOnToolsVersion = 15.3;
					};
				};
			};
			buildConfigurationList = 8DDB66F42BC9981D00D9A2C8 /* Build configuration list for PBXProject "WomenBusinessDirectory" */;
			compatibilityVersion = "Xcode 14.0";
			developmentRegion = en;
			hasScannedForEncodings = 0;
			knownRegions = (
				en,
				Base,
			);
			mainGroup = 8DDB66F02BC9981D00D9A2C8;
			packageReferences = (
				8D4DEC9E2D67A580001BCA71 /* XCRemoteSwiftPackageReference "firebase-ios-sdk" */,
			);
			productRefGroup = 8DDB66F02BC9981D00D9A2C8;
			projectDirPath = "";
			projectRoot = "";
			targets = (
				8DDB66F82BC9981D00D9A2C8 /* WomenBusinessDirectory */,
				8D1E09A42D73BD2600B55741 /* WomenBusinessDirectoryTests */,
				8D1E09B12D73BD6400B55741 /* WomenBusinessDirectoryUITests */,
			);
		};
/* End PBXProject section */

/* Begin PBXResourcesBuildPhase section */
		8D1E09A32D73BD2600B55741 /* Resources */ = {
			isa = PBXResourcesBuildPhase;
			buildActionMask = 2147483647;
			files = (
			);
			runOnlyForDeploymentPostprocessing = 0;
		};
		8D1E09B02D73BD6400B55741 /* Resources */ = {
			isa = PBXResourcesBuildPhase;
			buildActionMask = 2147483647;
			files = (
			);
			runOnlyForDeploymentPostprocessing = 0;
		};
		8DDB66F72BC9981D00D9A2C8 /* Resources */ = {
			isa = PBXResourcesBuildPhase;
			buildActionMask = 2147483647;
			files = (
				8D3BE6202C176F0100275033 /* .gitignore in Resources */,
			);
			runOnlyForDeploymentPostprocessing = 0;
		};
/* End PBXResourcesBuildPhase section */

/* Begin PBXSourcesBuildPhase section */
		8D1E09A12D73BD2600B55741 /* Sources */ = {
			isa = PBXSourcesBuildPhase;
			buildActionMask = 2147483647;
			files = (
			);
			runOnlyForDeploymentPostprocessing = 0;
		};
		8D1E09AE2D73BD6400B55741 /* Sources */ = {
			isa = PBXSourcesBuildPhase;
			buildActionMask = 2147483647;
			files = (
			);
			runOnlyForDeploymentPostprocessing = 0;
		};
		8DDB66F52BC9981D00D9A2C8 /* Sources */ = {
			isa = PBXSourcesBuildPhase;
			buildActionMask = 2147483647;
			files = (
			);
			runOnlyForDeploymentPostprocessing = 0;
		};
/* End PBXSourcesBuildPhase section */

/* Begin PBXTargetDependency section */
		8D1E09AA2D73BD2600B55741 /* PBXTargetDependency */ = {
			isa = PBXTargetDependency;
			target = 8DDB66F82BC9981D00D9A2C8 /* WomenBusinessDirectory */;
			targetProxy = 8D1E09A92D73BD2600B55741 /* PBXContainerItemProxy */;
		};
		8D1E09B92D73BD6400B55741 /* PBXTargetDependency */ = {
			isa = PBXTargetDependency;
			target = 8DDB66F82BC9981D00D9A2C8 /* WomenBusinessDirectory */;
			targetProxy = 8D1E09B82D73BD6400B55741 /* PBXContainerItemProxy */;
		};
/* End PBXTargetDependency section */

/* Begin XCBuildConfiguration section */
		8D1E09AC2D73BD2600B55741 /* Debug */ = {
			isa = XCBuildConfiguration;
			buildSettings = {
				BUNDLE_LOADER = "$(TEST_HOST)";
				CODE_SIGN_STYLE = Automatic;
				CURRENT_PROJECT_VERSION = 1;
				DEVELOPMENT_TEAM = 4V4G78L69F;
				GENERATE_INFOPLIST_FILE = YES;
				IPHONEOS_DEPLOYMENT_TARGET = 17.4;
				MARKETING_VERSION = 1.0;
				PRODUCT_BUNDLE_IDENTIFIER = com.Ruzimetova.WomenBusinessDirectoryTests;
				PRODUCT_NAME = "$(TARGET_NAME)";
				SWIFT_EMIT_LOC_STRINGS = NO;
				SWIFT_VERSION = 5.0;
				TARGETED_DEVICE_FAMILY = "1,2";
				TEST_HOST = "$(BUILT_PRODUCTS_DIR)/WomenBusinessDirectory.app/$(BUNDLE_EXECUTABLE_FOLDER_PATH)/WomenBusinessDirectory";
			};
			name = Debug;
		};
		8D1E09AD2D73BD2600B55741 /* Release */ = {
			isa = XCBuildConfiguration;
			buildSettings = {
				BUNDLE_LOADER = "$(TEST_HOST)";
				CODE_SIGN_STYLE = Automatic;
				CURRENT_PROJECT_VERSION = 1;
				DEVELOPMENT_TEAM = 4V4G78L69F;
				GENERATE_INFOPLIST_FILE = YES;
				IPHONEOS_DEPLOYMENT_TARGET = 17.4;
				MARKETING_VERSION = 1.0;
				PRODUCT_BUNDLE_IDENTIFIER = com.Ruzimetova.WomenBusinessDirectoryTests;
				PRODUCT_NAME = "$(TARGET_NAME)";
				SWIFT_EMIT_LOC_STRINGS = NO;
				SWIFT_VERSION = 5.0;
				TARGETED_DEVICE_FAMILY = "1,2";
				TEST_HOST = "$(BUILT_PRODUCTS_DIR)/WomenBusinessDirectory.app/$(BUNDLE_EXECUTABLE_FOLDER_PATH)/WomenBusinessDirectory";
			};
			name = Release;
		};
		8D1E09BB2D73BD6400B55741 /* Debug */ = {
			isa = XCBuildConfiguration;
			buildSettings = {
				CODE_SIGN_STYLE = Automatic;
				CURRENT_PROJECT_VERSION = 1;
				DEVELOPMENT_TEAM = 4V4G78L69F;
				GENERATE_INFOPLIST_FILE = YES;
				IPHONEOS_DEPLOYMENT_TARGET = 18.2;
				MARKETING_VERSION = 1.0;
				PRODUCT_BUNDLE_IDENTIFIER = com.Ruzimetova.WomenBusinessDirectoryUITests;
				PRODUCT_NAME = "$(TARGET_NAME)";
				SWIFT_EMIT_LOC_STRINGS = NO;
				SWIFT_VERSION = 5.0;
				TARGETED_DEVICE_FAMILY = "1,2";
				TEST_TARGET_NAME = WomenBusinessDirectory;
			};
			name = Debug;
		};
		8D1E09BC2D73BD6400B55741 /* Release */ = {
			isa = XCBuildConfiguration;
			buildSettings = {
				CODE_SIGN_STYLE = Automatic;
				CURRENT_PROJECT_VERSION = 1;
				DEVELOPMENT_TEAM = 4V4G78L69F;
				GENERATE_INFOPLIST_FILE = YES;
				IPHONEOS_DEPLOYMENT_TARGET = 18.2;
				MARKETING_VERSION = 1.0;
				PRODUCT_BUNDLE_IDENTIFIER = com.Ruzimetova.WomenBusinessDirectoryUITests;
				PRODUCT_NAME = "$(TARGET_NAME)";
				SWIFT_EMIT_LOC_STRINGS = NO;
				SWIFT_VERSION = 5.0;
				TARGETED_DEVICE_FAMILY = "1,2";
				TEST_TARGET_NAME = WomenBusinessDirectory;
			};
			name = Release;
		};
		8DDB67072BC9982000D9A2C8 /* Debug */ = {
			isa = XCBuildConfiguration;
			buildSettings = {
				ALWAYS_SEARCH_USER_PATHS = NO;
				ASSETCATALOG_COMPILER_GENERATE_SWIFT_ASSET_SYMBOL_EXTENSIONS = YES;
				CLANG_ANALYZER_NONNULL = YES;
				CLANG_ANALYZER_NUMBER_OBJECT_CONVERSION = YES_AGGRESSIVE;
				CLANG_CXX_LANGUAGE_STANDARD = "gnu++20";
				CLANG_ENABLE_MODULES = YES;
				CLANG_ENABLE_OBJC_ARC = YES;
				CLANG_ENABLE_OBJC_WEAK = YES;
				CLANG_WARN_BLOCK_CAPTURE_AUTORELEASING = YES;
				CLANG_WARN_BOOL_CONVERSION = YES;
				CLANG_WARN_COMMA = YES;
				CLANG_WARN_CONSTANT_CONVERSION = YES;
				CLANG_WARN_DEPRECATED_OBJC_IMPLEMENTATIONS = YES;
				CLANG_WARN_DIRECT_OBJC_ISA_USAGE = YES_ERROR;
				CLANG_WARN_DOCUMENTATION_COMMENTS = YES;
				CLANG_WARN_EMPTY_BODY = YES;
				CLANG_WARN_ENUM_CONVERSION = YES;
				CLANG_WARN_INFINITE_RECURSION = YES;
				CLANG_WARN_INT_CONVERSION = YES;
				CLANG_WARN_NON_LITERAL_NULL_CONVERSION = YES;
				CLANG_WARN_OBJC_IMPLICIT_RETAIN_SELF = YES;
				CLANG_WARN_OBJC_LITERAL_CONVERSION = YES;
				CLANG_WARN_OBJC_ROOT_CLASS = YES_ERROR;
				CLANG_WARN_QUOTED_INCLUDE_IN_FRAMEWORK_HEADER = YES;
				CLANG_WARN_RANGE_LOOP_ANALYSIS = YES;
				CLANG_WARN_STRICT_PROTOTYPES = YES;
				CLANG_WARN_SUSPICIOUS_MOVE = YES;
				CLANG_WARN_UNGUARDED_AVAILABILITY = YES_AGGRESSIVE;
				CLANG_WARN_UNREACHABLE_CODE = YES;
				CLANG_WARN__DUPLICATE_METHOD_MATCH = YES;
				COPY_PHASE_STRIP = NO;
				DEBUG_INFORMATION_FORMAT = dwarf;
				ENABLE_STRICT_OBJC_MSGSEND = YES;
				ENABLE_TESTABILITY = YES;
				ENABLE_USER_SCRIPT_SANDBOXING = YES;
				GCC_C_LANGUAGE_STANDARD = gnu17;
				GCC_DYNAMIC_NO_PIC = NO;
				GCC_NO_COMMON_BLOCKS = YES;
				GCC_OPTIMIZATION_LEVEL = 0;
				GCC_PREPROCESSOR_DEFINITIONS = (
					"DEBUG=1",
					"$(inherited)",
				);
				GCC_WARN_64_TO_32_BIT_CONVERSION = YES;
				GCC_WARN_ABOUT_RETURN_TYPE = YES_ERROR;
				GCC_WARN_UNDECLARED_SELECTOR = YES;
				GCC_WARN_UNINITIALIZED_AUTOS = YES_AGGRESSIVE;
				GCC_WARN_UNUSED_FUNCTION = YES;
				GCC_WARN_UNUSED_VARIABLE = YES;
				IPHONEOS_DEPLOYMENT_TARGET = 17.4;
				LOCALIZATION_PREFERS_STRING_CATALOGS = YES;
				MTL_ENABLE_DEBUG_INFO = INCLUDE_SOURCE;
				MTL_FAST_MATH = YES;
				ONLY_ACTIVE_ARCH = YES;
				SDKROOT = iphoneos;
				SWIFT_ACTIVE_COMPILATION_CONDITIONS = "DEBUG $(inherited)";
				SWIFT_OPTIMIZATION_LEVEL = "-Onone";
			};
			name = Debug;
		};
		8DDB67082BC9982000D9A2C8 /* Release */ = {
			isa = XCBuildConfiguration;
			buildSettings = {
				ALWAYS_SEARCH_USER_PATHS = NO;
				ASSETCATALOG_COMPILER_GENERATE_SWIFT_ASSET_SYMBOL_EXTENSIONS = YES;
				CLANG_ANALYZER_NONNULL = YES;
				CLANG_ANALYZER_NUMBER_OBJECT_CONVERSION = YES_AGGRESSIVE;
				CLANG_CXX_LANGUAGE_STANDARD = "gnu++20";
				CLANG_ENABLE_MODULES = YES;
				CLANG_ENABLE_OBJC_ARC = YES;
				CLANG_ENABLE_OBJC_WEAK = YES;
				CLANG_WARN_BLOCK_CAPTURE_AUTORELEASING = YES;
				CLANG_WARN_BOOL_CONVERSION = YES;
				CLANG_WARN_COMMA = YES;
				CLANG_WARN_CONSTANT_CONVERSION = YES;
				CLANG_WARN_DEPRECATED_OBJC_IMPLEMENTATIONS = YES;
				CLANG_WARN_DIRECT_OBJC_ISA_USAGE = YES_ERROR;
				CLANG_WARN_DOCUMENTATION_COMMENTS = YES;
				CLANG_WARN_EMPTY_BODY = YES;
				CLANG_WARN_ENUM_CONVERSION = YES;
				CLANG_WARN_INFINITE_RECURSION = YES;
				CLANG_WARN_INT_CONVERSION = YES;
				CLANG_WARN_NON_LITERAL_NULL_CONVERSION = YES;
				CLANG_WARN_OBJC_IMPLICIT_RETAIN_SELF = YES;
				CLANG_WARN_OBJC_LITERAL_CONVERSION = YES;
				CLANG_WARN_OBJC_ROOT_CLASS = YES_ERROR;
				CLANG_WARN_QUOTED_INCLUDE_IN_FRAMEWORK_HEADER = YES;
				CLANG_WARN_RANGE_LOOP_ANALYSIS = YES;
				CLANG_WARN_STRICT_PROTOTYPES = YES;
				CLANG_WARN_SUSPICIOUS_MOVE = YES;
				CLANG_WARN_UNGUARDED_AVAILABILITY = YES_AGGRESSIVE;
				CLANG_WARN_UNREACHABLE_CODE = YES;
				CLANG_WARN__DUPLICATE_METHOD_MATCH = YES;
				COPY_PHASE_STRIP = NO;
				DEBUG_INFORMATION_FORMAT = "dwarf-with-dsym";
				ENABLE_NS_ASSERTIONS = NO;
				ENABLE_STRICT_OBJC_MSGSEND = YES;
				ENABLE_USER_SCRIPT_SANDBOXING = YES;
				GCC_C_LANGUAGE_STANDARD = gnu17;
				GCC_NO_COMMON_BLOCKS = YES;
				GCC_WARN_64_TO_32_BIT_CONVERSION = YES;
				GCC_WARN_ABOUT_RETURN_TYPE = YES_ERROR;
				GCC_WARN_UNDECLARED_SELECTOR = YES;
				GCC_WARN_UNINITIALIZED_AUTOS = YES_AGGRESSIVE;
				GCC_WARN_UNUSED_FUNCTION = YES;
				GCC_WARN_UNUSED_VARIABLE = YES;
				IPHONEOS_DEPLOYMENT_TARGET = 17.4;
				LOCALIZATION_PREFERS_STRING_CATALOGS = YES;
				MTL_ENABLE_DEBUG_INFO = NO;
				MTL_FAST_MATH = YES;
				SDKROOT = iphoneos;
				SWIFT_COMPILATION_MODE = wholemodule;
				VALIDATE_PRODUCT = YES;
			};
			name = Release;
		};
		8DDB670A2BC9982000D9A2C8 /* Debug */ = {
			isa = XCBuildConfiguration;
			buildSettings = {
				ASSETCATALOG_COMPILER_APPICON_NAME = AppIcon;
				ASSETCATALOG_COMPILER_GLOBAL_ACCENT_COLOR_NAME = AccentColor;
				CODE_SIGN_ENTITLEMENTS = WomenBusinessDirectory/WomenBusinessDirectory.entitlements;
				CODE_SIGN_STYLE = Automatic;
				COPY_PHASE_STRIP = YES;
				CURRENT_PROJECT_VERSION = 1;
				DEBUG_INFORMATION_FORMAT = "dwarf-with-dsym";
				DEVELOPMENT_ASSET_PATHS = "\"WomenBusinessDirectory/Preview Content\"";
				DEVELOPMENT_TEAM = 4V4G78L69F;
				ENABLE_PREVIEWS = YES;
				GENERATE_INFOPLIST_FILE = YES;
				INFOPLIST_FILE = WomenBusinessDirectory/Info.plist;
				INFOPLIST_KEY_CFBundleDisplayName = "Immigrant Entrepreneurs Canada";
				INFOPLIST_KEY_LSApplicationCategoryType = "public.app-category.business";
				INFOPLIST_KEY_UIApplicationSceneManifest_Generation = YES;
				INFOPLIST_KEY_UIApplicationSupportsIndirectInputEvents = YES;
				INFOPLIST_KEY_UILaunchScreen_Generation = YES;
				INFOPLIST_KEY_UISupportedInterfaceOrientations = UIInterfaceOrientationPortrait;
				LD_RUNPATH_SEARCH_PATHS = (
					"$(inherited)",
					"@executable_path/Frameworks",
				);
				MARKETING_VERSION = 1.0;
				PRODUCT_BUNDLE_IDENTIFIER = com.ruzimetova.WomenBusinessDirectory;
				PRODUCT_NAME = "$(TARGET_NAME)";
				SUPPORTED_PLATFORMS = "iphoneos iphonesimulator";
				SUPPORTS_MACCATALYST = NO;
				SUPPORTS_MAC_DESIGNED_FOR_IPHONE_IPAD = NO;
				SUPPORTS_XR_DESIGNED_FOR_IPHONE_IPAD = NO;
				SWIFT_EMIT_LOC_STRINGS = YES;
				SWIFT_VERSION = 5.0;
				TARGETED_DEVICE_FAMILY = 1;
			};
			name = Debug;
		};
		8DDB670B2BC9982000D9A2C8 /* Release */ = {
			isa = XCBuildConfiguration;
			buildSettings = {
				ASSETCATALOG_COMPILER_APPICON_NAME = AppIcon;
				ASSETCATALOG_COMPILER_GLOBAL_ACCENT_COLOR_NAME = AccentColor;
				CODE_SIGN_ENTITLEMENTS = WomenBusinessDirectory/WomenBusinessDirectory.entitlements;
				CODE_SIGN_STYLE = Automatic;
				COPY_PHASE_STRIP = YES;
				CURRENT_PROJECT_VERSION = 1;
				DEVELOPMENT_ASSET_PATHS = "\"WomenBusinessDirectory/Preview Content\"";
				DEVELOPMENT_TEAM = 4V4G78L69F;
				ENABLE_PREVIEWS = YES;
				GENERATE_INFOPLIST_FILE = YES;
				INFOPLIST_FILE = WomenBusinessDirectory/Info.plist;
				INFOPLIST_KEY_CFBundleDisplayName = "Immigrant Entrepreneurs Canada";
				INFOPLIST_KEY_LSApplicationCategoryType = "public.app-category.business";
				INFOPLIST_KEY_UIApplicationSceneManifest_Generation = YES;
				INFOPLIST_KEY_UIApplicationSupportsIndirectInputEvents = YES;
				INFOPLIST_KEY_UILaunchScreen_Generation = YES;
				INFOPLIST_KEY_UISupportedInterfaceOrientations = UIInterfaceOrientationPortrait;
				LD_RUNPATH_SEARCH_PATHS = (
					"$(inherited)",
					"@executable_path/Frameworks",
				);
				MARKETING_VERSION = 1.0;
				PRODUCT_BUNDLE_IDENTIFIER = com.ruzimetova.WomenBusinessDirectory;
				PRODUCT_NAME = "$(TARGET_NAME)";
				SUPPORTED_PLATFORMS = "iphoneos iphonesimulator";
				SUPPORTS_MACCATALYST = NO;
				SUPPORTS_MAC_DESIGNED_FOR_IPHONE_IPAD = NO;
				SUPPORTS_XR_DESIGNED_FOR_IPHONE_IPAD = NO;
				SWIFT_EMIT_LOC_STRINGS = YES;
				SWIFT_VERSION = 5.0;
				TARGETED_DEVICE_FAMILY = 1;
			};
			name = Release;
		};
/* End XCBuildConfiguration section */

/* Begin XCConfigurationList section */
		8D1E09AB2D73BD2600B55741 /* Build configuration list for PBXNativeTarget "WomenBusinessDirectoryTests" */ = {
			isa = XCConfigurationList;
			buildConfigurations = (
				8D1E09AC2D73BD2600B55741 /* Debug */,
				8D1E09AD2D73BD2600B55741 /* Release */,
			);
			defaultConfigurationIsVisible = 0;
			defaultConfigurationName = Release;
		};
		8D1E09BA2D73BD6400B55741 /* Build configuration list for PBXNativeTarget "WomenBusinessDirectoryUITests" */ = {
			isa = XCConfigurationList;
			buildConfigurations = (
				8D1E09BB2D73BD6400B55741 /* Debug */,
				8D1E09BC2D73BD6400B55741 /* Release */,
			);
			defaultConfigurationIsVisible = 0;
			defaultConfigurationName = Release;
		};
		8DDB66F42BC9981D00D9A2C8 /* Build configuration list for PBXProject "WomenBusinessDirectory" */ = {
			isa = XCConfigurationList;
			buildConfigurations = (
				8DDB67072BC9982000D9A2C8 /* Debug */,
				8DDB67082BC9982000D9A2C8 /* Release */,
			);
			defaultConfigurationIsVisible = 0;
			defaultConfigurationName = Release;
		};
		8DDB67092BC9982000D9A2C8 /* Build configuration list for PBXNativeTarget "WomenBusinessDirectory" */ = {
			isa = XCConfigurationList;
			buildConfigurations = (
				8DDB670A2BC9982000D9A2C8 /* Debug */,
				8DDB670B2BC9982000D9A2C8 /* Release */,
			);
			defaultConfigurationIsVisible = 0;
			defaultConfigurationName = Release;
		};
/* End XCConfigurationList section */

/* Begin XCRemoteSwiftPackageReference section */
		8D4DEC9E2D67A580001BCA71 /* XCRemoteSwiftPackageReference "firebase-ios-sdk" */ = {
			isa = XCRemoteSwiftPackageReference;
			repositoryURL = "https://github.com/firebase/firebase-ios-sdk";
			requirement = {
				kind = upToNextMajorVersion;
				minimumVersion = 11.8.1;
			};
		};
/* End XCRemoteSwiftPackageReference section */

/* Begin XCSwiftPackageProductDependency section */
		8D4DEC9F2D67A580001BCA71 /* FirebaseAnalytics */ = {
			isa = XCSwiftPackageProductDependency;
			package = 8D4DEC9E2D67A580001BCA71 /* XCRemoteSwiftPackageReference "firebase-ios-sdk" */;
			productName = FirebaseAnalytics;
		};
		8D4DECA12D67A580001BCA71 /* FirebaseAuth */ = {
			isa = XCSwiftPackageProductDependency;
			package = 8D4DEC9E2D67A580001BCA71 /* XCRemoteSwiftPackageReference "firebase-ios-sdk" */;
			productName = FirebaseAuth;
		};
		8D4DECA32D67A580001BCA71 /* FirebaseCore */ = {
			isa = XCSwiftPackageProductDependency;
			package = 8D4DEC9E2D67A580001BCA71 /* XCRemoteSwiftPackageReference "firebase-ios-sdk" */;
			productName = FirebaseCore;
		};
		8D4DECA52D67A580001BCA71 /* FirebaseCrashlytics */ = {
			isa = XCSwiftPackageProductDependency;
			package = 8D4DEC9E2D67A580001BCA71 /* XCRemoteSwiftPackageReference "firebase-ios-sdk" */;
			productName = FirebaseCrashlytics;
		};
		8D4DECA72D67A580001BCA71 /* FirebaseDatabase */ = {
			isa = XCSwiftPackageProductDependency;
			package = 8D4DEC9E2D67A580001BCA71 /* XCRemoteSwiftPackageReference "firebase-ios-sdk" */;
			productName = FirebaseDatabase;
		};
		8D4DECA92D67A580001BCA71 /* FirebaseFirestore */ = {
			isa = XCSwiftPackageProductDependency;
			package = 8D4DEC9E2D67A580001BCA71 /* XCRemoteSwiftPackageReference "firebase-ios-sdk" */;
			productName = FirebaseFirestore;
		};
		8D4DECAB2D67A580001BCA71 /* FirebaseStorage */ = {
			isa = XCSwiftPackageProductDependency;
			package = 8D4DEC9E2D67A580001BCA71 /* XCRemoteSwiftPackageReference "firebase-ios-sdk" */;
			productName = FirebaseStorage;
		};
/* End XCSwiftPackageProductDependency section */
	};
	rootObject = 8DDB66F12BC9981D00D9A2C8 /* Project object */;
}
